<?xml version="1.0" encoding="utf-8"?>
<Project ToolsVersion="4.0" xmlns="http://schemas.microsoft.com/developer/msbuild/2003">
  <ItemGroup>
    <Filter Include="Source Files">
      <UniqueIdentifier>{4FC737F1-C7A5-4376-A066-2A32D752A2FF}</UniqueIdentifier>
      <Extensions>cpp;c;cc;cxx;def;odl;idl;hpj;bat;asm;asmx</Extensions>
    </Filter>
    <Filter Include="Header Files">
      <UniqueIdentifier>{93995380-89BD-4b04-88EB-625FBE52EBFB}</UniqueIdentifier>
      <Extensions>h;hpp;hxx;hm;inl;inc;xsd</Extensions>
    </Filter>
    <Filter Include="Resource Files">
      <UniqueIdentifier>{67DA6AB6-F800-4c08-8B7A-83BB121AAD01}</UniqueIdentifier>
      <Extensions>rc;ico;cur;bmp;dlg;rc2;rct;bin;rgs;gif;jpg;jpeg;jpe;resx;tiff;tif;png;wav;mfcribbon-ms</Extensions>
    </Filter>
  </ItemGroup>
  <ItemGroup>
    <Text Include="ReadMe.txt" />
    <Text Include="NOTES.txt" />
  </ItemGroup>
  <ItemGroup>
    <ClInclude Include="stdafx.h">
      <Filter>Header Files</Filter>
    </ClInclude>
    <ClInclude Include="targetver.h">
      <Filter>Header Files</Filter>
    </ClInclude>
    <ClInclude Include="Chronos.Agent.h">
      <Filter>Header Files</Filter>
    </ClInclude>
    <ClInclude Include="Chronos.Agent.Internal.h">
      <Filter>Header Files</Filter>
    </ClInclude>
  </ItemGroup>
  <ItemGroup>
    <ClCompile Include="stdafx.cpp">
      <Filter>Source Files</Filter>
    </ClCompile>
    <ClCompile Include="Chronos.Agent.cpp">
      <Filter>Source Files</Filter>
    </ClCompile>
    <ClCompile Include="dllmain.cpp">
      <Filter>Source Files</Filter>
    </ClCompile>
    <ClCompile Include="AgentInvokeServer.cpp">
      <Filter>Source Files</Filter>
    </ClCompile>
    <ClCompile Include="Application.cpp">
      <Filter>Source Files</Filter>
    </ClCompile>
    <ClCompile Include="AsyncGatewayClient.cpp">
      <Filter>Source Files</Filter>
    </ClCompile>
    <ClCompile Include="Buffer.cpp">
      <Filter>Source Files</Filter>
    </ClCompile>
    <ClCompile Include="Converter.cpp">
      <Filter>Source Files</Filter>
    </ClCompile>
    <ClCompile Include="CriticalSection.cpp">
      <Filter>Source Files</Filter>
    </ClCompile>
    <ClCompile Include="CurrentProcess.cpp">
      <Filter>Source Files</Filter>
    </ClCompile>
    <ClCompile Include="DataHandlerRouter.cpp">
      <Filter>Source Files</Filter>
    </ClCompile>
    <ClCompile Include="DynamicSettingBlock.cpp">
      <Filter>Source Files</Filter>
    </ClCompile>
    <ClCompile Include="DynamicSettings.cpp">
      <Filter>Source Files</Filter>
    </ClCompile>
    <ClCompile Include="EnvironmentVariables.cpp">
      <Filter>Source Files</Filter>
    </ClCompile>
    <ClCompile Include="ExportSettings.cpp">
      <Filter>Source Files</Filter>
    </ClCompile>
    <ClCompile Include="Framework.cpp">
      <Filter>Source Files</Filter>
    </ClCompile>
    <ClCompile Include="FrameworkCollection.cpp">
      <Filter>Source Files</Filter>
    </ClCompile>
    <ClCompile Include="FrameworkSettingsCollection.cpp">
      <Filter>Source Files</Filter>
    </ClCompile>
    <ClCompile Include="GatewayClient.cpp">
      <Filter>Source Files</Filter>
    </ClCompile>
    <ClCompile Include="GatewayClientSettings.cpp">
      <Filter>Source Files</Filter>
    </ClCompile>
    <ClCompile Include="GatewayPackage.cpp">
      <Filter>Source Files</Filter>
    </ClCompile>
    <ClCompile Include="GatewayServer.cpp">
      <Filter>Source Files</Filter>
    </ClCompile>
    <ClCompile Include="GatewayServerStream.cpp">
      <Filter>Source Files</Filter>
    </ClCompile>
    <ClCompile Include="GatewaySettings.cpp">
      <Filter>Source Files</Filter>
    </ClCompile>
    <ClCompile Include="HostClient.cpp">
      <Filter>Source Files</Filter>
    </ClCompile>
    <ClCompile Include="Lock.cpp">
      <Filter>Source Files</Filter>
    </ClCompile>
    <ClCompile Include="Marshaler.cpp">
      <Filter>Source Files</Filter>
    </ClCompile>
    <ClCompile Include="MemoryStream.cpp">
      <Filter>Source Files</Filter>
    </ClCompile>
    <ClCompile Include="MultiCoreThread.cpp">
      <Filter>Source Files</Filter>
    </ClCompile>
    <ClCompile Include="NamedPipeClientStream.cpp">
      <Filter>Source Files</Filter>
    </ClCompile>
    <ClCompile Include="NamedPipeServerStream.cpp">
      <Filter>Source Files</Filter>
    </ClCompile>
    <ClCompile Include="NamedPipeStream.cpp">
      <Filter>Source Files</Filter>
    </ClCompile>
    <ClCompile Include="NamedPipeStreamFactory.cpp">
      <Filter>Source Files</Filter>
    </ClCompile>
    <ClCompile Include="Path.cpp">
      <Filter>Source Files</Filter>
    </ClCompile>
    <ClCompile Include="ProfilingTarget.cpp">
      <Filter>Source Files</Filter>
    </ClCompile>
    <ClCompile Include="ProfilingTargetSettings.cpp">
      <Filter>Source Files</Filter>
    </ClCompile>
    <ClCompile Include="ProfilingTimer.cpp">
      <Filter>Source Files</Filter>
    </ClCompile>
    <ClCompile Include="ProfilingType.cpp">
      <Filter>Source Files</Filter>
    </ClCompile>
    <ClCompile Include="ProfilingTypeCollection.cpp">
      <Filter>Source Files</Filter>
    </ClCompile>
    <ClCompile Include="ProfilingTypeSettings.cpp">
      <Filter>Source Files</Filter>
    </ClCompile>
    <ClCompile Include="ProfilingTypeSettingsCollection.cpp">
      <Filter>Source Files</Filter>
    </ClCompile>
    <ClCompile Include="RuntimeController.cpp">
      <Filter>Source Files</Filter>
    </ClCompile>
    <ClCompile Include="ServiceContainer.cpp">
      <Filter>Source Files</Filter>
    </ClCompile>
    <ClCompile Include="SessionSettings.cpp">
      <Filter>Source Files</Filter>
    </ClCompile>
    <ClCompile Include="SimpleCallback.cpp">
      <Filter>Source Files</Filter>
    </ClCompile>
    <ClCompile Include="SingleCoreThread.cpp">
      <Filter>Source Files</Filter>
    </ClCompile>
    <ClCompile Include="SyncGatewayClient.cpp">
      <Filter>Source Files</Filter>
    </ClCompile>
    <ClCompile Include="TaskWorker.cpp">
      <Filter>Source Files</Filter>
    </ClCompile>
    <ClCompile Include="TaskWorkerInternal.cpp">
      <Filter>Source Files</Filter>
    </ClCompile>
    <ClCompile Include="UniqueSettings.cpp">
      <Filter>Source Files</Filter>
    </ClCompile>
    <ClCompile Include="UnitBase.cpp">
      <Filter>Source Files</Filter>
    </ClCompile>
    <ClCompile Include="UnitMarshaler.cpp">
      <Filter>Source Files</Filter>
    </ClCompile>
    <ClCompile Include="CrashDumpLogger.cpp">
      <Filter>Source Files</Filter>
    </ClCompile>
    <ClCompile Include="Formatter.cpp">
      <Filter>Source Files</Filter>
    </ClCompile>
    <ClCompile Include="GatewayPackageWriter.cpp">
      <Filter>Source Files</Filter>
    </ClCompile>
  </ItemGroup>
</Project>