
Microsoft Visual Studio Solution File, Format Version 12.00
# Visual Studio 2013
VisualStudioVersion = 12.0.21005.1
MinimumVisualStudioVersion = 10.0.40219.1
Project("{FAE04EC0-301F-11D3-BF4B-00C04F79EFBC}") = "Chronos.Client.Win", "Chronos.Client.Win\Chronos.Client.Win.csproj", "{6DB0686C-3F7A-4156-A4BB-3709BC048454}"
EndProject
Project("{FAE04EC0-301F-11D3-BF4B-00C04F79EFBC}") = "Chronos.Client.Win.Application", "Chronos.Client.Win.Application\Chronos.Client.Win.Application.csproj", "{A0AE2F11-A543-40A6-89AC-2A8A66515167}"
EndProject
Project("{2150E333-8FDC-42A3-9474-1A3956D46DE8}") = "Scripts", "Scripts", "{5C9431B5-A62C-4CFC-8C42-B84677C7B9B1}"
	ProjectSection(SolutionItems) = preProject
		.scripts\CSharp.targets = .scripts\CSharp.targets
		.scripts\ModuleConfig.wxi = .scripts\ModuleConfig.wxi
		.scripts\SolutionInfo.cs = .scripts\SolutionInfo.cs
		.scripts\StrongName.snk = .scripts\StrongName.snk
		.scripts\Wix.targets = .scripts\Wix.targets
	EndProjectSection
EndProject
Project("{930C7802-8A8C-48F9-8165-68863BCCD9DD}") = "Chronos.Client.Win.Module", "Chronos.Client.Win.Module\Chronos.Client.Win.Module.wixproj", "{80042A28-0336-4223-9D1B-FA87C3457E13}"
	ProjectSection(ProjectDependencies) = postProject
		{A0AE2F11-A543-40A6-89AC-2A8A66515167} = {A0AE2F11-A543-40A6-89AC-2A8A66515167}
		{6DB0686C-3F7A-4156-A4BB-3709BC048454} = {6DB0686C-3F7A-4156-A4BB-3709BC048454}
	EndProjectSection
EndProject
Global
	GlobalSection(SolutionConfigurationPlatforms) = preSolution
		Debug|Mixed Platforms = Debug|Mixed Platforms
		Release|Mixed Platforms = Release|Mixed Platforms
	EndGlobalSection
	GlobalSection(ProjectConfigurationPlatforms) = postSolution
		{6DB0686C-3F7A-4156-A4BB-3709BC048454}.Debug|Mixed Platforms.ActiveCfg = Debug|Any CPU
		{6DB0686C-3F7A-4156-A4BB-3709BC048454}.Debug|Mixed Platforms.Build.0 = Debug|Any CPU
		{6DB0686C-3F7A-4156-A4BB-3709BC048454}.Release|Mixed Platforms.ActiveCfg = Release|Any CPU
		{6DB0686C-3F7A-4156-A4BB-3709BC048454}.Release|Mixed Platforms.Build.0 = Release|Any CPU
		{A0AE2F11-A543-40A6-89AC-2A8A66515167}.Debug|Mixed Platforms.ActiveCfg = Debug|Any CPU
		{A0AE2F11-A543-40A6-89AC-2A8A66515167}.Debug|Mixed Platforms.Build.0 = Debug|Any CPU
		{A0AE2F11-A543-40A6-89AC-2A8A66515167}.Release|Mixed Platforms.ActiveCfg = Release|Any CPU
		{A0AE2F11-A543-40A6-89AC-2A8A66515167}.Release|Mixed Platforms.Build.0 = Release|Any CPU
		{80042A28-0336-4223-9D1B-FA87C3457E13}.Debug|Mixed Platforms.ActiveCfg = Debug|x86
		{80042A28-0336-4223-9D1B-FA87C3457E13}.Debug|Mixed Platforms.Build.0 = Debug|x86
		{80042A28-0336-4223-9D1B-FA87C3457E13}.Release|Mixed Platforms.ActiveCfg = Release|x86
		{80042A28-0336-4223-9D1B-FA87C3457E13}.Release|Mixed Platforms.Build.0 = Release|x86
	EndGlobalSection
	GlobalSection(SolutionProperties) = preSolution
		HideSolutionNode = FALSE
	EndGlobalSection
EndGlobal
