
Microsoft Visual Studio Solution File, Format Version 12.00
# Visual Studio 2012
Project("{2150E333-8FDC-42A3-9474-1A3956D46DE8}") = "Scripts", "Scripts", "{25203929-FCB4-4953-B5F1-99A8F2F8969C}"
	ProjectSection(SolutionItems) = preProject
		.scripts\Cpp.props = .scripts\Cpp.props
		.scripts\CSharp.targets = .scripts\CSharp.targets
		.scripts\ModuleConfig.wxi = .scripts\ModuleConfig.wxi
		.scripts\SolutionInfo.cs = .scripts\SolutionInfo.cs
		.scripts\StrongName.snk = .scripts\StrongName.snk
		.scripts\Wix.targets = .scripts\Wix.targets
	EndProjectSection
EndProject
Project("{930C7802-8A8C-48F9-8165-68863BCCD9DD}") = "Chronos.Java.Module", "Chronos.Java.Module\Chronos.Java.Module.wixproj", "{168BC003-1EE1-4241-819F-4F1E6A28E6A2}"
	ProjectSection(ProjectDependencies) = postProject
		{AE4FA015-63BF-4E3B-ACBC-E350D7DA4690} = {AE4FA015-63BF-4E3B-ACBC-E350D7DA4690}
		{81AF1868-681A-47E3-9C64-0F542D5B1E0F} = {81AF1868-681A-47E3-9C64-0F542D5B1E0F}
	EndProjectSection
EndProject
Project("{FAE04EC0-301F-11D3-BF4B-00C04F79EFBC}") = "Chronos.Java", "Chronos.Java\Chronos.Java.csproj", "{AE4FA015-63BF-4E3B-ACBC-E350D7DA4690}"
EndProject
Project("{8BC9CEB8-8B4A-11D0-8D11-00A0C91BC942}") = "Chronos.Java.Agent", "Chronos.Java.Agent\Chronos.Java.Agent.vcxproj", "{81AF1868-681A-47E3-9C64-0F542D5B1E0F}"
EndProject
Global
	GlobalSection(SolutionConfigurationPlatforms) = preSolution
		Debug|Mixed Platforms = Debug|Mixed Platforms
		Release|Mixed Platforms = Release|Mixed Platforms
	EndGlobalSection
	GlobalSection(ProjectConfigurationPlatforms) = postSolution
		{168BC003-1EE1-4241-819F-4F1E6A28E6A2}.Debug|Mixed Platforms.ActiveCfg = Debug|x86
		{168BC003-1EE1-4241-819F-4F1E6A28E6A2}.Debug|Mixed Platforms.Build.0 = Debug|x86
		{168BC003-1EE1-4241-819F-4F1E6A28E6A2}.Release|Mixed Platforms.ActiveCfg = Release|x86
		{168BC003-1EE1-4241-819F-4F1E6A28E6A2}.Release|Mixed Platforms.Build.0 = Release|x86
		{AE4FA015-63BF-4E3B-ACBC-E350D7DA4690}.Debug|Mixed Platforms.ActiveCfg = Debug|Any CPU
		{AE4FA015-63BF-4E3B-ACBC-E350D7DA4690}.Debug|Mixed Platforms.Build.0 = Debug|Any CPU
		{AE4FA015-63BF-4E3B-ACBC-E350D7DA4690}.Release|Mixed Platforms.ActiveCfg = Release|Any CPU
		{AE4FA015-63BF-4E3B-ACBC-E350D7DA4690}.Release|Mixed Platforms.Build.0 = Release|Any CPU
		{81AF1868-681A-47E3-9C64-0F542D5B1E0F}.Debug|Mixed Platforms.ActiveCfg = Debug|x64
		{81AF1868-681A-47E3-9C64-0F542D5B1E0F}.Debug|Mixed Platforms.Build.0 = Debug|x64
		{81AF1868-681A-47E3-9C64-0F542D5B1E0F}.Release|Mixed Platforms.ActiveCfg = Release|Win32
		{81AF1868-681A-47E3-9C64-0F542D5B1E0F}.Release|Mixed Platforms.Build.0 = Release|Win32
	EndGlobalSection
	GlobalSection(SolutionProperties) = preSolution
		HideSolutionNode = FALSE
	EndGlobalSection
EndGlobal
