<?xml version="1.0" encoding="utf-8"?>
<Project ToolsVersion="4.0" xmlns="http://schemas.microsoft.com/developer/msbuild/2003">
  <ItemGroup>
    <Filter Include="Source Files">
      <UniqueIdentifier>{4FC737F1-C7A5-4376-A066-2A32D752A2FF}</UniqueIdentifier>
      <Extensions>cpp;c;cc;cxx;def;odl;idl;hpj;bat;asm;asmx</Extensions>
    </Filter>
    <Filter Include="Header Files">
      <UniqueIdentifier>{93995380-89BD-4b04-88EB-625FBE52EBFB}</UniqueIdentifier>
      <Extensions>h;hpp;hxx;hm;inl;inc;xsd</Extensions>
    </Filter>
    <Filter Include="Resource Files">
      <UniqueIdentifier>{67DA6AB6-F800-4c08-8B7A-83BB121AAD01}</UniqueIdentifier>
      <Extensions>rc;ico;cur;bmp;dlg;rc2;rct;bin;rgs;gif;jpg;jpeg;jpe;resx;tiff;tif;png;wav;mfcribbon-ms</Extensions>
    </Filter>
  </ItemGroup>
  <ItemGroup>
    <None Include="ReadMe.txt" />
  </ItemGroup>
  <ItemGroup>
    <ClInclude Include="stdafx.h">
      <Filter>Header Files</Filter>
    </ClInclude>
    <ClInclude Include="AppDomainManager.h">
      <Filter>Header Files</Filter>
    </ClInclude>
    <ClInclude Include="AssemblyManager.h">
      <Filter>Header Files</Filter>
    </ClInclude>
    <ClInclude Include="BaseStream.h">
      <Filter>Header Files</Filter>
    </ClInclude>
    <ClInclude Include="ByteMarshaler.h">
      <Filter>Header Files</Filter>
    </ClInclude>
    <ClInclude Include="Callstack.h">
      <Filter>Header Files</Filter>
    </ClInclude>
    <ClInclude Include="CallstackPage.h">
      <Filter>Header Files</Filter>
    </ClInclude>
    <ClInclude Include="CallstackProcessor.h">
      <Filter>Header Files</Filter>
    </ClInclude>
    <ClInclude Include="ClassManager.h">
      <Filter>Header Files</Filter>
    </ClInclude>
    <ClInclude Include="ClientBase.h">
      <Filter>Header Files</Filter>
    </ClInclude>
    <ClInclude Include="Convert.h">
      <Filter>Header Files</Filter>
    </ClInclude>
    <ClInclude Include="CoreThread.h">
      <Filter>Header Files</Filter>
    </ClInclude>
    <ClInclude Include="CurrentProcess.h">
      <Filter>Header Files</Filter>
    </ClInclude>
    <ClInclude Include="DaemonClient.h">
      <Filter>Header Files</Filter>
    </ClInclude>
    <ClInclude Include="DaemonOperationCode.h">
      <Filter>Header Files</Filter>
    </ClInclude>
    <ClInclude Include="EnvironmentVariables.h">
      <Filter>Header Files</Filter>
    </ClInclude>
    <ClInclude Include="EventTypes.h">
      <Filter>Header Files</Filter>
    </ClInclude>
    <ClInclude Include="ExceptionManager.h">
      <Filter>Header Files</Filter>
    </ClInclude>
    <ClInclude Include="Exceptions.h">
      <Filter>Header Files</Filter>
    </ClInclude>
    <ClInclude Include="ExceptionStack.h">
      <Filter>Header Files</Filter>
    </ClInclude>
    <ClInclude Include="FastDictionary.h">
      <Filter>Header Files</Filter>
    </ClInclude>
    <ClInclude Include="FastDictionaryContainer.h">
      <Filter>Header Files</Filter>
    </ClInclude>
    <ClInclude Include="FunctionManager.h">
      <Filter>Header Files</Filter>
    </ClInclude>
    <ClInclude Include="HostClient.h">
      <Filter>Header Files</Filter>
    </ClInclude>
    <ClInclude Include="HostOperationCode.h">
      <Filter>Header Files</Filter>
    </ClInclude>
    <ClInclude Include="Int32Marshaler.h">
      <Filter>Header Files</Filter>
    </ClInclude>
    <ClInclude Include="Lock.h">
      <Filter>Header Files</Filter>
    </ClInclude>
    <ClInclude Include="Macro.h">
      <Filter>Header Files</Filter>
    </ClInclude>
    <ClInclude Include="MemoryStream.h">
      <Filter>Header Files</Filter>
    </ClInclude>
    <ClInclude Include="ModuleManager.h">
      <Filter>Header Files</Filter>
    </ClInclude>
    <ClInclude Include="PathResolver.h">
      <Filter>Header Files</Filter>
    </ClInclude>
    <ClInclude Include="PipeNameFormatter.h">
      <Filter>Header Files</Filter>
    </ClInclude>
    <ClInclude Include="ProcessShadow.h">
      <Filter>Header Files</Filter>
    </ClInclude>
    <ClInclude Include="ProfilerController.h">
      <Filter>Header Files</Filter>
    </ClInclude>
    <ClInclude Include="ProfilerState.h">
      <Filter>Header Files</Filter>
    </ClInclude>
    <ClInclude Include="ResultCode.h">
      <Filter>Header Files</Filter>
    </ClInclude>
    <ClInclude Include="StringFormatter.h">
      <Filter>Header Files</Filter>
    </ClInclude>
    <ClInclude Include="StringMarshaler.h">
      <Filter>Header Files</Filter>
    </ClInclude>
    <ClInclude Include="ThreadLogger.h">
      <Filter>Header Files</Filter>
    </ClInclude>
    <ClInclude Include="ThreadLoggerPool.h">
      <Filter>Header Files</Filter>
    </ClInclude>
    <ClInclude Include="ThreadManager.h">
      <Filter>Header Files</Filter>
    </ClInclude>
    <ClInclude Include="Timer.h">
      <Filter>Header Files</Filter>
    </ClInclude>
    <ClInclude Include="TypeSize.h">
      <Filter>Header Files</Filter>
    </ClInclude>
    <ClInclude Include="UInt32Marshaler.h">
      <Filter>Header Files</Filter>
    </ClInclude>
    <ClInclude Include="UnitManagerBase.h">
      <Filter>Header Files</Filter>
    </ClInclude>
    <ClInclude Include="Units.h">
      <Filter>Header Files</Filter>
    </ClInclude>
    <ClInclude Include="StackTracer.h">
      <Filter>Header Files</Filter>
    </ClInclude>
    <ClInclude Include="Int64Marshaler.h">
      <Filter>Header Files</Filter>
    </ClInclude>
    <ClInclude Include="ProfilerEntryPointBase.h">
      <Filter>Header Files</Filter>
    </ClInclude>
    <ClInclude Include="AgentSettings.h">
      <Filter>Header Files</Filter>
    </ClInclude>
    <ClInclude Include="ConfigurationSettings.h">
      <Filter>Header Files</Filter>
    </ClInclude>
    <ClInclude Include="RequestsServer.h">
      <Filter>Header Files</Filter>
    </ClInclude>
    <ClInclude Include="SessionState.h">
      <Filter>Header Files</Filter>
    </ClInclude>
    <ClInclude Include="NamedPipeClientStream.h">
      <Filter>Header Files</Filter>
    </ClInclude>
    <ClInclude Include="NamedPipeStream.h">
      <Filter>Header Files</Filter>
    </ClInclude>
    <ClInclude Include="NamedPipeServerStream.h">
      <Filter>Header Files</Filter>
    </ClInclude>
    <ClInclude Include="AgentOperationCode.h">
      <Filter>Header Files</Filter>
    </ClInclude>
    <ClInclude Include="CallstackStorage.h">
      <Filter>Header Files</Filter>
    </ClInclude>
    <ClInclude Include="CallstackProcessorPool.h">
      <Filter>Header Files</Filter>
    </ClInclude>
    <ClInclude Include="Monitor.h">
      <Filter>Header Files</Filter>
    </ClInclude>
    <ClInclude Include="LockFreeFactory.h">
      <Filter>Header Files</Filter>
    </ClInclude>
    <ClInclude Include="ManagedProvider.h">
      <Filter>Header Files</Filter>
    </ClInclude>
    <ClInclude Include="SqlRequestManager.h">
      <Filter>Header Files</Filter>
    </ClInclude>
    <ClInclude Include="ProfilingStrategy.h">
      <Filter>Header Files</Filter>
    </ClInclude>
    <ClInclude Include="ProfilingHooks.h">
      <Filter>Header Files</Filter>
    </ClInclude>
    <ClInclude Include="ServiceContainer.h">
      <Filter>Header Files</Filter>
    </ClInclude>
  </ItemGroup>
  <ItemGroup>
    <ClCompile Include="stdafx.cpp">
      <Filter>Source Files</Filter>
    </ClCompile>
    <ClCompile Include="AppDomainManager.cpp">
      <Filter>Source Files</Filter>
    </ClCompile>
    <ClCompile Include="AssemblyManager.cpp">
      <Filter>Source Files</Filter>
    </ClCompile>
    <ClCompile Include="ByteMarshaler.cpp">
      <Filter>Source Files</Filter>
    </ClCompile>
    <ClCompile Include="Callstack.cpp">
      <Filter>Source Files</Filter>
    </ClCompile>
    <ClCompile Include="CallstackPage.cpp">
      <Filter>Source Files</Filter>
    </ClCompile>
    <ClCompile Include="CallstackProcessor.cpp">
      <Filter>Source Files</Filter>
    </ClCompile>
    <ClCompile Include="ClassManager.cpp">
      <Filter>Source Files</Filter>
    </ClCompile>
    <ClCompile Include="ClientBase.cpp">
      <Filter>Source Files</Filter>
    </ClCompile>
    <ClCompile Include="Convert.cpp">
      <Filter>Source Files</Filter>
    </ClCompile>
    <ClCompile Include="CoreThread.cpp">
      <Filter>Source Files</Filter>
    </ClCompile>
    <ClCompile Include="CurrentProcess.cpp">
      <Filter>Source Files</Filter>
    </ClCompile>
    <ClCompile Include="DaemonClient.cpp">
      <Filter>Source Files</Filter>
    </ClCompile>
    <ClCompile Include="EnvironmentVariables.cpp">
      <Filter>Source Files</Filter>
    </ClCompile>
    <ClCompile Include="ExceptionManager.cpp">
      <Filter>Source Files</Filter>
    </ClCompile>
    <ClCompile Include="ExceptionStack.cpp">
      <Filter>Source Files</Filter>
    </ClCompile>
    <ClCompile Include="FunctionManager.cpp">
      <Filter>Source Files</Filter>
    </ClCompile>
    <ClCompile Include="HostClient.cpp">
      <Filter>Source Files</Filter>
    </ClCompile>
    <ClCompile Include="Int32Marshaler.cpp">
      <Filter>Source Files</Filter>
    </ClCompile>
    <ClCompile Include="Lock.cpp">
      <Filter>Source Files</Filter>
    </ClCompile>
    <ClCompile Include="MemoryStream.cpp">
      <Filter>Source Files</Filter>
    </ClCompile>
    <ClCompile Include="ModuleManager.cpp">
      <Filter>Source Files</Filter>
    </ClCompile>
    <ClCompile Include="PathResolver.cpp">
      <Filter>Source Files</Filter>
    </ClCompile>
    <ClCompile Include="PipeNameFormatter.cpp">
      <Filter>Source Files</Filter>
    </ClCompile>
    <ClCompile Include="ProcessShadow.cpp">
      <Filter>Source Files</Filter>
    </ClCompile>
    <ClCompile Include="ProfilerController.cpp">
      <Filter>Source Files</Filter>
    </ClCompile>
    <ClCompile Include="StringFormatter.cpp">
      <Filter>Source Files</Filter>
    </ClCompile>
    <ClCompile Include="StringMarshaler.cpp">
      <Filter>Source Files</Filter>
    </ClCompile>
    <ClCompile Include="ThreadLogger.cpp">
      <Filter>Source Files</Filter>
    </ClCompile>
    <ClCompile Include="ThreadLoggerPool.cpp">
      <Filter>Source Files</Filter>
    </ClCompile>
    <ClCompile Include="ThreadManager.cpp">
      <Filter>Source Files</Filter>
    </ClCompile>
    <ClCompile Include="Timer.cpp">
      <Filter>Source Files</Filter>
    </ClCompile>
    <ClCompile Include="UInt32Marshaler.cpp">
      <Filter>Source Files</Filter>
    </ClCompile>
    <ClCompile Include="StackTracer.cpp">
      <Filter>Source Files</Filter>
    </ClCompile>
    <ClCompile Include="Int64Marshaler.cpp">
      <Filter>Source Files</Filter>
    </ClCompile>
    <ClCompile Include="ProfilerEntryPointBase.cpp">
      <Filter>Source Files</Filter>
    </ClCompile>
    <ClCompile Include="AgentSettings.cpp">
      <Filter>Source Files</Filter>
    </ClCompile>
    <ClCompile Include="ConfigurationSettings.cpp">
      <Filter>Source Files</Filter>
    </ClCompile>
    <ClCompile Include="RequestsServer.cpp">
      <Filter>Source Files</Filter>
    </ClCompile>
    <ClCompile Include="NamedPipeClientStream.cpp">
      <Filter>Source Files</Filter>
    </ClCompile>
    <ClCompile Include="NamedPipeStream.cpp">
      <Filter>Source Files</Filter>
    </ClCompile>
    <ClCompile Include="NamedPipeServerStream.cpp">
      <Filter>Source Files</Filter>
    </ClCompile>
    <ClCompile Include="CallstackStorage.cpp">
      <Filter>Source Files</Filter>
    </ClCompile>
    <ClCompile Include="CallstackProcessorPool.cpp">
      <Filter>Source Files</Filter>
    </ClCompile>
    <ClCompile Include="Monitor.cpp">
      <Filter>Source Files</Filter>
    </ClCompile>
    <ClCompile Include="ProcDump.h">
      <Filter>Header Files</Filter>
    </ClCompile>
    <ClCompile Include="ManagedProvider.cpp">
      <Filter>Source Files</Filter>
    </ClCompile>
    <ClCompile Include="SqlRequestManager.cpp">
      <Filter>Source Files</Filter>
    </ClCompile>
    <ClCompile Include="ProfilingHooks.cpp">
      <Filter>Source Files</Filter>
    </ClCompile>
    <ClCompile Include="ServiceContainer.cpp">
      <Filter>Source Files</Filter>
    </ClCompile>
  </ItemGroup>
</Project>