
Microsoft Visual Studio Solution File, Format Version 12.00
# Visual Studio 2013
VisualStudioVersion = 12.0.40629.0
MinimumVisualStudioVersion = 10.0.40219.1
Project("{FAE04EC0-301F-11D3-BF4B-00C04F79EFBC}") = "Chronos.DotNet.SqlProfiler", "Chronos.DotNet.SqlProfiler\Chronos.DotNet.SqlProfiler.csproj", "{09E516DD-C29C-4FEA-8B13-DB51681CA2C8}"
EndProject
Project("{8BC9CEB8-8B4A-11D0-8D11-00A0C91BC942}") = "Chronos.DotNet.SqlProfiler.Agent", "Chronos.DotNet.SqlProfiler.Agent\Chronos.DotNet.SqlProfiler.Agent.vcxproj", "{5C8C1AC3-CEAF-4224-AB93-F3F57FD03ADF}"
EndProject
Project("{2150E333-8FDC-42A3-9474-1A3956D46DE8}") = "Scripts", "Scripts", "{3197D484-AEA4-42DF-9428-3B3BB55733DF}"
	ProjectSection(SolutionItems) = preProject
		.scripts\Cpp.props = .scripts\Cpp.props
		.scripts\CSharp.targets = .scripts\CSharp.targets
		.scripts\ModuleConfig.wxi = .scripts\ModuleConfig.wxi
		.scripts\SolutionInfo.cs = .scripts\SolutionInfo.cs
		.scripts\StrongName.snk = .scripts\StrongName.snk
		.scripts\Wix.targets = .scripts\Wix.targets
	EndProjectSection
EndProject
Project("{930C7802-8A8C-48F9-8165-68863BCCD9DD}") = "Chronos.DotNet.SqlProfiler.Module", "Chronos.DotNet.SqlProfiler.Module\Chronos.DotNet.SqlProfiler.Module.wixproj", "{8B2D7550-9E2E-4309-A57E-63F406F8E309}"
	ProjectSection(ProjectDependencies) = postProject
		{5C8C1AC3-CEAF-4224-AB93-F3F57FD03ADF} = {5C8C1AC3-CEAF-4224-AB93-F3F57FD03ADF}
		{09E516DD-C29C-4FEA-8B13-DB51681CA2C8} = {09E516DD-C29C-4FEA-8B13-DB51681CA2C8}
	EndProjectSection
EndProject
Global
	GlobalSection(SolutionConfigurationPlatforms) = preSolution
		Debug|Mixed Platforms = Debug|Mixed Platforms
		Release|Mixed Platforms = Release|Mixed Platforms
	EndGlobalSection
	GlobalSection(ProjectConfigurationPlatforms) = postSolution
		{09E516DD-C29C-4FEA-8B13-DB51681CA2C8}.Debug|Mixed Platforms.ActiveCfg = Debug|Any CPU
		{09E516DD-C29C-4FEA-8B13-DB51681CA2C8}.Debug|Mixed Platforms.Build.0 = Debug|Any CPU
		{09E516DD-C29C-4FEA-8B13-DB51681CA2C8}.Release|Mixed Platforms.ActiveCfg = Release|Any CPU
		{09E516DD-C29C-4FEA-8B13-DB51681CA2C8}.Release|Mixed Platforms.Build.0 = Release|Any CPU
		{5C8C1AC3-CEAF-4224-AB93-F3F57FD03ADF}.Debug|Mixed Platforms.ActiveCfg = Debug|Win32
		{5C8C1AC3-CEAF-4224-AB93-F3F57FD03ADF}.Debug|Mixed Platforms.Build.0 = Debug|Win32
		{5C8C1AC3-CEAF-4224-AB93-F3F57FD03ADF}.Release|Mixed Platforms.ActiveCfg = Release|Win32
		{5C8C1AC3-CEAF-4224-AB93-F3F57FD03ADF}.Release|Mixed Platforms.Build.0 = Release|Win32
		{8B2D7550-9E2E-4309-A57E-63F406F8E309}.Debug|Mixed Platforms.ActiveCfg = Debug|x86
		{8B2D7550-9E2E-4309-A57E-63F406F8E309}.Debug|Mixed Platforms.Build.0 = Debug|x86
		{8B2D7550-9E2E-4309-A57E-63F406F8E309}.Release|Mixed Platforms.ActiveCfg = Release|x86
		{8B2D7550-9E2E-4309-A57E-63F406F8E309}.Release|Mixed Platforms.Build.0 = Release|x86
	EndGlobalSection
	GlobalSection(SolutionProperties) = preSolution
		HideSolutionNode = FALSE
	EndGlobalSection
EndGlobal
