
Microsoft Visual Studio Solution File, Format Version 12.00
# Visual Studio 2013
VisualStudioVersion = 12.0.21005.1
MinimumVisualStudioVersion = 10.0.40219.1
Project("{FAE04EC0-301F-11D3-BF4B-00C04F79EFBC}") = "Chronos.Client.Win.DotNet", "Chronos.Client.Win.DotNet\Chronos.Client.Win.DotNet.csproj", "{43C440C6-4A95-4280-BB9A-0E01D663E6EC}"
EndProject
Project("{930C7802-8A8C-48F9-8165-68863BCCD9DD}") = "Chronos.Client.Win.DotNet.Module", "Chronos.Client.Win.DotNet.Module\Chronos.Client.Win.DotNet.Module.wixproj", "{C305E599-C653-4830-BE3C-3E73A1035646}"
	ProjectSection(ProjectDependencies) = postProject
		{43C440C6-4A95-4280-BB9A-0E01D663E6EC} = {43C440C6-4A95-4280-BB9A-0E01D663E6EC}
	EndProjectSection
EndProject
Global
	GlobalSection(SolutionConfigurationPlatforms) = preSolution
		Debug|Mixed Platforms = Debug|Mixed Platforms
		Release|Mixed Platforms = Release|Mixed Platforms
	EndGlobalSection
	GlobalSection(ProjectConfigurationPlatforms) = postSolution
		{43C440C6-4A95-4280-BB9A-0E01D663E6EC}.Debug|Mixed Platforms.ActiveCfg = Debug|Any CPU
		{43C440C6-4A95-4280-BB9A-0E01D663E6EC}.Debug|Mixed Platforms.Build.0 = Debug|Any CPU
		{43C440C6-4A95-4280-BB9A-0E01D663E6EC}.Release|Mixed Platforms.ActiveCfg = Release|Any CPU
		{43C440C6-4A95-4280-BB9A-0E01D663E6EC}.Release|Mixed Platforms.Build.0 = Release|Any CPU
		{C305E599-C653-4830-BE3C-3E73A1035646}.Debug|Mixed Platforms.ActiveCfg = Debug|x86
		{C305E599-C653-4830-BE3C-3E73A1035646}.Debug|Mixed Platforms.Build.0 = Debug|x86
		{C305E599-C653-4830-BE3C-3E73A1035646}.Release|Mixed Platforms.ActiveCfg = Release|x86
		{C305E599-C653-4830-BE3C-3E73A1035646}.Release|Mixed Platforms.Build.0 = Release|x86
	EndGlobalSection
	GlobalSection(SolutionProperties) = preSolution
		HideSolutionNode = FALSE
	EndGlobalSection
EndGlobal
