
Microsoft Visual Studio Solution File, Format Version 12.00
# Visual Studio 2013
Project("{FAE04EC0-301F-11D3-BF4B-00C04F79EFBC}") = "Chronos.Client.Win.DotNet", "Chronos.Client.Win.DotNet\Chronos.Client.Win.DotNet.csproj", "{43C440C6-4A95-4280-BB9A-0E01D663E6EC}"
EndProject
Global
	GlobalSection(SolutionConfigurationPlatforms) = preSolution
		Debug|Any CPU = Debug|Any CPU
		Release|Any CPU = Release|Any CPU
	EndGlobalSection
	GlobalSection(ProjectConfigurationPlatforms) = postSolution
		{43C440C6-4A95-4280-BB9A-0E01D663E6EC}.Debug|Any CPU.ActiveCfg = Debug|Any CPU
		{43C440C6-4A95-4280-BB9A-0E01D663E6EC}.Debug|Any CPU.Build.0 = Debug|Any CPU
		{43C440C6-4A95-4280-BB9A-0E01D663E6EC}.Release|Any CPU.ActiveCfg = Release|Any CPU
		{43C440C6-4A95-4280-BB9A-0E01D663E6EC}.Release|Any CPU.Build.0 = Release|Any CPU
	EndGlobalSection
	GlobalSection(SolutionProperties) = preSolution
		HideSolutionNode = FALSE
	EndGlobalSection
EndGlobal
