
Microsoft Visual Studio Solution File, Format Version 12.00
# Visual Studio 2013
VisualStudioVersion = 12.0.21005.1
MinimumVisualStudioVersion = 10.0.40219.1
Project("{FAE04EC0-301F-11D3-BF4B-00C04F79EFBC}") = "Chronos.Client.Win.DotNet.TracingProfiler", "Chronos.Client.Win.DotNet.TracingProfiler\Chronos.Client.Win.DotNet.TracingProfiler.csproj", "{C936E8BE-E44D-4C8D-AC8A-A091C796D139}"
EndProject
Project("{2150E333-8FDC-42A3-9474-1A3956D46DE8}") = "Scripts", "Scripts", "{4BD40F27-1E1A-467F-839C-0461918DBD0E}"
	ProjectSection(SolutionItems) = preProject
		.scripts\CSharp.targets = .scripts\CSharp.targets
		.scripts\ModuleConfig.wxi = .scripts\ModuleConfig.wxi
		.scripts\SolutionInfo.cs = .scripts\SolutionInfo.cs
		.scripts\StrongName.snk = .scripts\StrongName.snk
		.scripts\Wix.targets = .scripts\Wix.targets
	EndProjectSection
EndProject
Project("{930C7802-8A8C-48F9-8165-68863BCCD9DD}") = "Chronos.Client.Win.DotNet.TracingProfiler.Module", "Chronos.Client.Win.DotNet.TracingProfiler.Module\Chronos.Client.Win.DotNet.TracingProfiler.Module.wixproj", "{755D5400-B94F-4B50-8BCE-0E8C179D90CF}"
	ProjectSection(ProjectDependencies) = postProject
		{C936E8BE-E44D-4C8D-AC8A-A091C796D139} = {C936E8BE-E44D-4C8D-AC8A-A091C796D139}
	EndProjectSection
EndProject
Global
	GlobalSection(SolutionConfigurationPlatforms) = preSolution
		Debug|Mixed Platforms = Debug|Mixed Platforms
		Release|Mixed Platforms = Release|Mixed Platforms
	EndGlobalSection
	GlobalSection(ProjectConfigurationPlatforms) = postSolution
		{C936E8BE-E44D-4C8D-AC8A-A091C796D139}.Debug|Mixed Platforms.ActiveCfg = Debug|Any CPU
		{C936E8BE-E44D-4C8D-AC8A-A091C796D139}.Debug|Mixed Platforms.Build.0 = Debug|Any CPU
		{C936E8BE-E44D-4C8D-AC8A-A091C796D139}.Release|Mixed Platforms.ActiveCfg = Release|Any CPU
		{C936E8BE-E44D-4C8D-AC8A-A091C796D139}.Release|Mixed Platforms.Build.0 = Release|Any CPU
		{755D5400-B94F-4B50-8BCE-0E8C179D90CF}.Debug|Mixed Platforms.ActiveCfg = Debug|x86
		{755D5400-B94F-4B50-8BCE-0E8C179D90CF}.Debug|Mixed Platforms.Build.0 = Debug|x86
		{755D5400-B94F-4B50-8BCE-0E8C179D90CF}.Release|Mixed Platforms.ActiveCfg = Release|x86
		{755D5400-B94F-4B50-8BCE-0E8C179D90CF}.Release|Mixed Platforms.Build.0 = Release|x86
	EndGlobalSection
	GlobalSection(SolutionProperties) = preSolution
		HideSolutionNode = FALSE
	EndGlobalSection
EndGlobal
