
Microsoft Visual Studio Solution File, Format Version 12.00
# Visual Studio 2013
Project("{FAE04EC0-301F-11D3-BF4B-00C04F79EFBC}") = "Chronos.Client.Win.DotNet.TracingProfiler", "Chronos.Client.Win.DotNet.TracingProfiler\Chronos.Client.Win.DotNet.TracingProfiler.csproj", "{C936E8BE-E44D-4C8D-AC8A-A091C796D139}"
EndProject
Global
	GlobalSection(SolutionConfigurationPlatforms) = preSolution
		Debug|Any CPU = Debug|Any CPU
		Release|Any CPU = Release|Any CPU
	EndGlobalSection
	GlobalSection(ProjectConfigurationPlatforms) = postSolution
		{C936E8BE-E44D-4C8D-AC8A-A091C796D139}.Debug|Any CPU.ActiveCfg = Debug|Any CPU
		{C936E8BE-E44D-4C8D-AC8A-A091C796D139}.Debug|Any CPU.Build.0 = Debug|Any CPU
		{C936E8BE-E44D-4C8D-AC8A-A091C796D139}.Release|Any CPU.ActiveCfg = Release|Any CPU
		{C936E8BE-E44D-4C8D-AC8A-A091C796D139}.Release|Any CPU.Build.0 = Release|Any CPU
	EndGlobalSection
	GlobalSection(SolutionProperties) = preSolution
		HideSolutionNode = FALSE
	EndGlobalSection
EndGlobal
