
Microsoft Visual Studio Solution File, Format Version 12.00
# Visual Studio 2013
VisualStudioVersion = 12.0.21005.1
MinimumVisualStudioVersion = 10.0.40219.1
Project("{FAE04EC0-301F-11D3-BF4B-00C04F79EFBC}") = "Chronos.DotNet.ExceptionMonitor", "Chronos.DotNet.ExceptionMonitor\Chronos.DotNet.ExceptionMonitor.csproj", "{E1E60988-E5B5-4C51-B3AB-170023811015}"
EndProject
Project("{8BC9CEB8-8B4A-11D0-8D11-00A0C91BC942}") = "Chronos.DotNet.ExceptionMonitor.Agent", "Chronos.DotNet.ExceptionMonitor.Agent\Chronos.DotNet.ExceptionMonitor.Agent.vcxproj", "{8F777EF9-72C8-4911-83A3-B0105D70C7E9}"
EndProject
Project("{930C7802-8A8C-48F9-8165-68863BCCD9DD}") = "Chronos.DotNet.ExceptionMonitor.Module", "Chronos.DotNet.ExceptionMonitor.Module\Chronos.DotNet.ExceptionMonitor.Module.wixproj", "{5F8A2D42-1604-45C4-B21B-38B9B54F0B71}"
	ProjectSection(ProjectDependencies) = postProject
		{E1E60988-E5B5-4C51-B3AB-170023811015} = {E1E60988-E5B5-4C51-B3AB-170023811015}
		{8F777EF9-72C8-4911-83A3-B0105D70C7E9} = {8F777EF9-72C8-4911-83A3-B0105D70C7E9}
	EndProjectSection
EndProject
Project("{2150E333-8FDC-42A3-9474-1A3956D46DE8}") = "Scripts", "Scripts", "{76F26815-16F1-41FA-821A-7B4381EB0DE1}"
	ProjectSection(SolutionItems) = preProject
		.scripts\Cpp.props = .scripts\Cpp.props
		.scripts\CSharp.targets = .scripts\CSharp.targets
		.scripts\ModuleConfig.wxi = .scripts\ModuleConfig.wxi
		.scripts\SolutionInfo.cs = .scripts\SolutionInfo.cs
		.scripts\StrongName.snk = .scripts\StrongName.snk
		.scripts\Wix.targets = .scripts\Wix.targets
	EndProjectSection
EndProject
Global
	GlobalSection(SolutionConfigurationPlatforms) = preSolution
		Debug|Mixed Platforms = Debug|Mixed Platforms
		Release|Mixed Platforms = Release|Mixed Platforms
	EndGlobalSection
	GlobalSection(ProjectConfigurationPlatforms) = postSolution
		{E1E60988-E5B5-4C51-B3AB-170023811015}.Debug|Mixed Platforms.ActiveCfg = Debug|Any CPU
		{E1E60988-E5B5-4C51-B3AB-170023811015}.Debug|Mixed Platforms.Build.0 = Debug|Any CPU
		{E1E60988-E5B5-4C51-B3AB-170023811015}.Release|Mixed Platforms.ActiveCfg = Release|Any CPU
		{E1E60988-E5B5-4C51-B3AB-170023811015}.Release|Mixed Platforms.Build.0 = Release|Any CPU
		{8F777EF9-72C8-4911-83A3-B0105D70C7E9}.Debug|Mixed Platforms.ActiveCfg = Debug|Win32
		{8F777EF9-72C8-4911-83A3-B0105D70C7E9}.Debug|Mixed Platforms.Build.0 = Debug|Win32
		{8F777EF9-72C8-4911-83A3-B0105D70C7E9}.Release|Mixed Platforms.ActiveCfg = Release|Win32
		{8F777EF9-72C8-4911-83A3-B0105D70C7E9}.Release|Mixed Platforms.Build.0 = Release|Win32
		{5F8A2D42-1604-45C4-B21B-38B9B54F0B71}.Debug|Mixed Platforms.ActiveCfg = Debug|x86
		{5F8A2D42-1604-45C4-B21B-38B9B54F0B71}.Debug|Mixed Platforms.Build.0 = Debug|x86
		{5F8A2D42-1604-45C4-B21B-38B9B54F0B71}.Release|Mixed Platforms.ActiveCfg = Release|x86
		{5F8A2D42-1604-45C4-B21B-38B9B54F0B71}.Release|Mixed Platforms.Build.0 = Release|x86
	EndGlobalSection
	GlobalSection(SolutionProperties) = preSolution
		HideSolutionNode = FALSE
	EndGlobalSection
EndGlobal
