
Microsoft Visual Studio Solution File, Format Version 12.00
# Visual Studio 2013
VisualStudioVersion = 12.0.21005.1
MinimumVisualStudioVersion = 10.0.40219.1
Project("{FAE04EC0-301F-11D3-BF4B-00C04F79EFBC}") = "Chronos.Client.Win.Common", "Chronos.Client.Win.Common\Chronos.Client.Win.Common.csproj", "{BF873565-C1B6-4286-9FA3-FE24A60A695E}"
EndProject
Project("{930C7802-8A8C-48F9-8165-68863BCCD9DD}") = "Chronos.Client.Win.Common.Module", "Chronos.Client.Win.Common.Module\Chronos.Client.Win.Common.Module.wixproj", "{6175F7DC-B6AC-4F6B-9515-31F6BBDA3B75}"
	ProjectSection(ProjectDependencies) = postProject
		{BF873565-C1B6-4286-9FA3-FE24A60A695E} = {BF873565-C1B6-4286-9FA3-FE24A60A695E}
	EndProjectSection
EndProject
Project("{2150E333-8FDC-42A3-9474-1A3956D46DE8}") = "Scripts", "Scripts", "{97B21A5A-B7F7-4931-A94A-4C9FD6DDF743}"
	ProjectSection(SolutionItems) = preProject
		.scripts\CSharp.targets = .scripts\CSharp.targets
		.scripts\ModuleConfig.wxi = .scripts\ModuleConfig.wxi
		.scripts\SolutionInfo.cs = .scripts\SolutionInfo.cs
		.scripts\StrongName.snk = .scripts\StrongName.snk
		.scripts\Wix.targets = .scripts\Wix.targets
	EndProjectSection
EndProject
Global
	GlobalSection(SolutionConfigurationPlatforms) = preSolution
		Debug|Mixed Platforms = Debug|Mixed Platforms
		Release|Mixed Platforms = Release|Mixed Platforms
	EndGlobalSection
	GlobalSection(ProjectConfigurationPlatforms) = postSolution
		{BF873565-C1B6-4286-9FA3-FE24A60A695E}.Debug|Mixed Platforms.ActiveCfg = Debug|Any CPU
		{BF873565-C1B6-4286-9FA3-FE24A60A695E}.Debug|Mixed Platforms.Build.0 = Debug|Any CPU
		{BF873565-C1B6-4286-9FA3-FE24A60A695E}.Release|Mixed Platforms.ActiveCfg = Release|Any CPU
		{BF873565-C1B6-4286-9FA3-FE24A60A695E}.Release|Mixed Platforms.Build.0 = Release|Any CPU
		{6175F7DC-B6AC-4F6B-9515-31F6BBDA3B75}.Debug|Mixed Platforms.ActiveCfg = Debug|x86
		{6175F7DC-B6AC-4F6B-9515-31F6BBDA3B75}.Debug|Mixed Platforms.Build.0 = Debug|x86
		{6175F7DC-B6AC-4F6B-9515-31F6BBDA3B75}.Release|Mixed Platforms.ActiveCfg = Release|x86
		{6175F7DC-B6AC-4F6B-9515-31F6BBDA3B75}.Release|Mixed Platforms.Build.0 = Release|x86
	EndGlobalSection
	GlobalSection(SolutionProperties) = preSolution
		HideSolutionNode = FALSE
	EndGlobalSection
EndGlobal
