
Microsoft Visual Studio Solution File, Format Version 12.00
# Visual Studio 2013
VisualStudioVersion = 12.0.40629.0
MinimumVisualStudioVersion = 10.0.40219.1
Project("{2150E333-8FDC-42A3-9474-1A3956D46DE8}") = "Chronos", "Chronos", "{7FC0C73A-69E2-41C9-8F63-555EF099A6BB}"
EndProject
Project("{FAE04EC0-301F-11D3-BF4B-00C04F79EFBC}") = "Chronos", "Chronos\Chronos\Chronos.csproj", "{75BA0099-4AD5-4A8E-8CA4-4ECB842E169C}"
EndProject
Project("{8BC9CEB8-8B4A-11D0-8D11-00A0C91BC942}") = "Chronos.Agent", "Chronos\Chronos.Agent\Chronos.Agent.vcxproj", "{77D938DF-D463-407F-8CDE-3A69EFF4D8AF}"
EndProject
Project("{FAE04EC0-301F-11D3-BF4B-00C04F79EFBC}") = "Chronos.Daemon.Application", "Chronos\Chronos.Daemon.Application\Chronos.Daemon.Application.csproj", "{12ADF054-6063-4572-B877-5CDCD4258C33}"
EndProject
Project("{FAE04EC0-301F-11D3-BF4B-00C04F79EFBC}") = "Chronos.Host.Application", "Chronos\Chronos.Host.Application\Chronos.Host.Application.csproj", "{BC621A93-A852-42B2-BAC9-4F10F09F9E79}"
EndProject
Project("{930C7802-8A8C-48F9-8165-68863BCCD9DD}") = "Chronos.Module", "Chronos\Chronos.Module\Chronos.Module.wixproj", "{9FBE1CF4-D567-4D69-B5F9-83FB90296E01}"
	ProjectSection(ProjectDependencies) = postProject
		{12ADF054-6063-4572-B877-5CDCD4258C33} = {12ADF054-6063-4572-B877-5CDCD4258C33}
		{BC621A93-A852-42B2-BAC9-4F10F09F9E79} = {BC621A93-A852-42B2-BAC9-4F10F09F9E79}
		{75BA0099-4AD5-4A8E-8CA4-4ECB842E169C} = {75BA0099-4AD5-4A8E-8CA4-4ECB842E169C}
		{77D938DF-D463-407F-8CDE-3A69EFF4D8AF} = {77D938DF-D463-407F-8CDE-3A69EFF4D8AF}
	EndProjectSection
EndProject
Project("{2150E333-8FDC-42A3-9474-1A3956D46DE8}") = "Chronos.Client.Win", "Chronos.Client.Win", "{7BDD054A-2E01-4F39-9077-EB3DA74BB949}"
EndProject
Project("{2150E333-8FDC-42A3-9474-1A3956D46DE8}") = "Chronos.Client.Win.Common", "Chronos.Client.Win.Common", "{7A56097E-8941-4428-A0C5-6075998BB076}"
EndProject
Project("{2150E333-8FDC-42A3-9474-1A3956D46DE8}") = "Chronos.Client.Win.Common.EventsTree", "Chronos.Client.Win.Common.EventsTree", "{32CA7886-F6E7-46A6-B955-AEF65B5B1C33}"
EndProject
Project("{2150E333-8FDC-42A3-9474-1A3956D46DE8}") = "Chronos.Client.Win.Common.DesktopApplication", "Chronos.Client.Win.Common.DesktopApplication", "{B97A6C91-BA9C-42B2-9515-884B5D596F0F}"
EndProject
Project("{2150E333-8FDC-42A3-9474-1A3956D46DE8}") = "Chronos.Client.Win.DotNet", "Chronos.Client.Win.DotNet", "{CDBECDED-886A-47AE-97E3-65BEFD34BB26}"
EndProject
Project("{2150E333-8FDC-42A3-9474-1A3956D46DE8}") = "Chronos.Client.Win.DotNet.BasicProfiler", "Chronos.Client.Win.DotNet.BasicProfiler", "{D9A243AE-BB88-4F03-9F9F-902B6EB8E27B}"
EndProject
Project("{2150E333-8FDC-42A3-9474-1A3956D46DE8}") = "Chronos.Client.Win.DotNet.ExceptionMonitor", "Chronos.Client.Win.DotNet.ExceptionMonitor", "{8763B96A-444A-47FB-B139-3C2094DE7843}"
EndProject
Project("{2150E333-8FDC-42A3-9474-1A3956D46DE8}") = "Chronos.Client.Win.DotNet.SqlProfiler", "Chronos.Client.Win.DotNet.SqlProfiler", "{57443498-3657-4C78-811F-D4199CD9F912}"
EndProject
Project("{2150E333-8FDC-42A3-9474-1A3956D46DE8}") = "Chronos.Client.Win.DotNet.TracingProfiler", "Chronos.Client.Win.DotNet.TracingProfiler", "{399AD69E-98AF-472C-A20E-4BBF0322EE4B}"
EndProject
Project("{2150E333-8FDC-42A3-9474-1A3956D46DE8}") = "Chronos.Common", "Chronos.Common", "{536974FD-744E-4207-88B5-6FC7AF4636D2}"
EndProject
Project("{2150E333-8FDC-42A3-9474-1A3956D46DE8}") = "Chronos.Common.EventsTree", "Chronos.Common.EventsTree", "{1D13FA27-EBCC-401B-B593-8065FB864823}"
EndProject
Project("{2150E333-8FDC-42A3-9474-1A3956D46DE8}") = "Chronos.Common.DesktopApplication", "Chronos.Common.DesktopApplication", "{F956153B-66C3-4727-B643-8C7A4B66D89F}"
EndProject
Project("{2150E333-8FDC-42A3-9474-1A3956D46DE8}") = "Chronos.DotNet", "Chronos.DotNet", "{05AC2C17-45B2-4D35-AB65-5F5C8214ECDB}"
EndProject
Project("{2150E333-8FDC-42A3-9474-1A3956D46DE8}") = "Chronos.DotNet.BasicProfiler", "Chronos.DotNet.BasicProfiler", "{19CB0216-94B5-4586-96BD-E4D386E70E71}"
EndProject
Project("{2150E333-8FDC-42A3-9474-1A3956D46DE8}") = "Chronos.DotNet.ExceptionMonitor", "Chronos.DotNet.ExceptionMonitor", "{F29E4E8A-DA8B-4A68-848C-1CC14A138A83}"
EndProject
Project("{2150E333-8FDC-42A3-9474-1A3956D46DE8}") = "Chronos.DotNet.SqlProfiler", "Chronos.DotNet.SqlProfiler", "{CC4F09AA-5D16-46B2-95EB-5FFE80181941}"
EndProject
Project("{2150E333-8FDC-42A3-9474-1A3956D46DE8}") = "Chronos.DotNet.TracingProfiler", "Chronos.DotNet.TracingProfiler", "{834D4327-A148-4147-B149-A445BCD87917}"
EndProject
Project("{2150E333-8FDC-42A3-9474-1A3956D46DE8}") = "Chronos.Install", "Chronos.Install", "{D301808A-D7FA-488A-96EB-6D0FB56E2B48}"
EndProject
Project("{FAE04EC0-301F-11D3-BF4B-00C04F79EFBC}") = "Chronos.Common", "Chronos.Common\Chronos.Common\Chronos.Common.csproj", "{3FF82557-B745-4C8A-B691-D1323C08EA12}"
EndProject
Project("{8BC9CEB8-8B4A-11D0-8D11-00A0C91BC942}") = "Chronos.Common.Agent", "Chronos.Common\Chronos.Common.Agent\Chronos.Common.Agent.vcxproj", "{62982EEE-F755-4CFC-A8CF-70E83A61A729}"
	ProjectSection(ProjectDependencies) = postProject
		{77D938DF-D463-407F-8CDE-3A69EFF4D8AF} = {77D938DF-D463-407F-8CDE-3A69EFF4D8AF}
	EndProjectSection
EndProject
Project("{930C7802-8A8C-48F9-8165-68863BCCD9DD}") = "Chronos.Common.Module", "Chronos.Common\Chronos.Common.Module\Chronos.Common.Module.wixproj", "{3FDD2446-7BA1-437E-AAA5-7DDFAAAB37E5}"
	ProjectSection(ProjectDependencies) = postProject
		{3FF82557-B745-4C8A-B691-D1323C08EA12} = {3FF82557-B745-4C8A-B691-D1323C08EA12}
		{62982EEE-F755-4CFC-A8CF-70E83A61A729} = {62982EEE-F755-4CFC-A8CF-70E83A61A729}
	EndProjectSection
EndProject
Project("{FAE04EC0-301F-11D3-BF4B-00C04F79EFBC}") = "Chronos.Common.EventsTree", "Chronos.Common.EventsTree\Chronos.Common.EventsTree\Chronos.Common.EventsTree.csproj", "{2F69C3FB-4DD5-440F-B96E-42BEBFBE8011}"
EndProject
Project("{8BC9CEB8-8B4A-11D0-8D11-00A0C91BC942}") = "Chronos.Common.EventsTree.Agent", "Chronos.Common.EventsTree\Chronos.Common.EventsTree.Agent\Chronos.Common.EventsTree.Agent.vcxproj", "{2E54B75A-153B-46A6-B85B-70CADF820627}"
	ProjectSection(ProjectDependencies) = postProject
		{62982EEE-F755-4CFC-A8CF-70E83A61A729} = {62982EEE-F755-4CFC-A8CF-70E83A61A729}
	EndProjectSection
EndProject
Project("{930C7802-8A8C-48F9-8165-68863BCCD9DD}") = "Chronos.Common.EventsTree.Module", "Chronos.Common.EventsTree\Chronos.Common.EventsTree.Module\Chronos.Common.EventsTree.Module.wixproj", "{9B2E6C9F-9B68-477D-8643-ED76CCB021BA}"
	ProjectSection(ProjectDependencies) = postProject
		{2E54B75A-153B-46A6-B85B-70CADF820627} = {2E54B75A-153B-46A6-B85B-70CADF820627}
		{2F69C3FB-4DD5-440F-B96E-42BEBFBE8011} = {2F69C3FB-4DD5-440F-B96E-42BEBFBE8011}
	EndProjectSection
EndProject
Project("{FAE04EC0-301F-11D3-BF4B-00C04F79EFBC}") = "Chronos.DotNet", "Chronos.DotNet\Chronos.DotNet\Chronos.DotNet.csproj", "{B339B248-659F-4780-9185-3D06450EBD6D}"
EndProject
Project("{930C7802-8A8C-48F9-8165-68863BCCD9DD}") = "Chronos.DotNet.Module", "Chronos.DotNet\Chronos.DotNet.Module\Chronos.DotNet.Module.wixproj", "{64945790-3C3B-4C88-81AF-EDD31CD3BA1C}"
	ProjectSection(ProjectDependencies) = postProject
		{65775615-5BB2-4D55-8EC3-D09563A191D2} = {65775615-5BB2-4D55-8EC3-D09563A191D2}
		{68BAA918-48B3-489F-BECC-1342D4217F1E} = {68BAA918-48B3-489F-BECC-1342D4217F1E}
		{B339B248-659F-4780-9185-3D06450EBD6D} = {B339B248-659F-4780-9185-3D06450EBD6D}
	EndProjectSection
EndProject
Project("{FAE04EC0-301F-11D3-BF4B-00C04F79EFBC}") = "Chronos.DotNet.BasicProfiler", "Chronos.DotNet.BasicProfiler\Chronos.DotNet.BasicProfiler\Chronos.DotNet.BasicProfiler.csproj", "{E4A7A762-8703-4C4D-A609-3915B0A1DFE4}"
EndProject
Project("{8BC9CEB8-8B4A-11D0-8D11-00A0C91BC942}") = "Chronos.DotNet.BasicProfiler.Agent", "Chronos.DotNet.BasicProfiler\Chronos.DotNet.BasicProfiler.Agent\Chronos.DotNet.BasicProfiler.Agent.vcxproj", "{623A4BDD-BC7A-468F-A159-5E4B4E87CEDA}"
	ProjectSection(ProjectDependencies) = postProject
		{68BAA918-48B3-489F-BECC-1342D4217F1E} = {68BAA918-48B3-489F-BECC-1342D4217F1E}
		{77D938DF-D463-407F-8CDE-3A69EFF4D8AF} = {77D938DF-D463-407F-8CDE-3A69EFF4D8AF}
	EndProjectSection
EndProject
Project("{930C7802-8A8C-48F9-8165-68863BCCD9DD}") = "Chronos.DotNet.BasicProfiler.Module", "Chronos.DotNet.BasicProfiler\Chronos.DotNet.BasicProfiler.Module\Chronos.DotNet.BasicProfiler.Module.wixproj", "{87CEC1D6-951E-465B-BA2B-17EFB4E30D7C}"
	ProjectSection(ProjectDependencies) = postProject
		{E4A7A762-8703-4C4D-A609-3915B0A1DFE4} = {E4A7A762-8703-4C4D-A609-3915B0A1DFE4}
		{623A4BDD-BC7A-468F-A159-5E4B4E87CEDA} = {623A4BDD-BC7A-468F-A159-5E4B4E87CEDA}
	EndProjectSection
EndProject
Project("{FAE04EC0-301F-11D3-BF4B-00C04F79EFBC}") = "Chronos.DotNet.ExceptionMonitor", "Chronos.DotNet.ExceptionMonitor\Chronos.DotNet.ExceptionMonitor\Chronos.DotNet.ExceptionMonitor.csproj", "{E1E60988-E5B5-4C51-B3AB-170023811015}"
EndProject
Project("{8BC9CEB8-8B4A-11D0-8D11-00A0C91BC942}") = "Chronos.DotNet.ExceptionMonitor.Agent", "Chronos.DotNet.ExceptionMonitor\Chronos.DotNet.ExceptionMonitor.Agent\Chronos.DotNet.ExceptionMonitor.Agent.vcxproj", "{8F777EF9-72C8-4911-83A3-B0105D70C7E9}"
	ProjectSection(ProjectDependencies) = postProject
		{623A4BDD-BC7A-468F-A159-5E4B4E87CEDA} = {623A4BDD-BC7A-468F-A159-5E4B4E87CEDA}
	EndProjectSection
EndProject
Project("{930C7802-8A8C-48F9-8165-68863BCCD9DD}") = "Chronos.DotNet.ExceptionMonitor.Module", "Chronos.DotNet.ExceptionMonitor\Chronos.DotNet.ExceptionMonitor.Module\Chronos.DotNet.ExceptionMonitor.Module.wixproj", "{5F8A2D42-1604-45C4-B21B-38B9B54F0B71}"
	ProjectSection(ProjectDependencies) = postProject
		{E1E60988-E5B5-4C51-B3AB-170023811015} = {E1E60988-E5B5-4C51-B3AB-170023811015}
		{8F777EF9-72C8-4911-83A3-B0105D70C7E9} = {8F777EF9-72C8-4911-83A3-B0105D70C7E9}
	EndProjectSection
EndProject
Project("{FAE04EC0-301F-11D3-BF4B-00C04F79EFBC}") = "Chronos.DotNet.SqlProfiler", "Chronos.DotNet.SqlProfiler\Chronos.DotNet.SqlProfiler\Chronos.DotNet.SqlProfiler.csproj", "{09E516DD-C29C-4FEA-8B13-DB51681CA2C8}"
EndProject
Project("{8BC9CEB8-8B4A-11D0-8D11-00A0C91BC942}") = "Chronos.DotNet.SqlProfiler.Agent", "Chronos.DotNet.SqlProfiler\Chronos.DotNet.SqlProfiler.Agent\Chronos.DotNet.SqlProfiler.Agent.vcxproj", "{5C8C1AC3-CEAF-4224-AB93-F3F57FD03ADF}"
	ProjectSection(ProjectDependencies) = postProject
		{68BAA918-48B3-489F-BECC-1342D4217F1E} = {68BAA918-48B3-489F-BECC-1342D4217F1E}
		{77D938DF-D463-407F-8CDE-3A69EFF4D8AF} = {77D938DF-D463-407F-8CDE-3A69EFF4D8AF}
	EndProjectSection
EndProject
Project("{930C7802-8A8C-48F9-8165-68863BCCD9DD}") = "Chronos.DotNet.SqlProfiler.Module", "Chronos.DotNet.SqlProfiler\Chronos.DotNet.SqlProfiler.Module\Chronos.DotNet.SqlProfiler.Module.wixproj", "{8B2D7550-9E2E-4309-A57E-63F406F8E309}"
	ProjectSection(ProjectDependencies) = postProject
		{5C8C1AC3-CEAF-4224-AB93-F3F57FD03ADF} = {5C8C1AC3-CEAF-4224-AB93-F3F57FD03ADF}
		{09E516DD-C29C-4FEA-8B13-DB51681CA2C8} = {09E516DD-C29C-4FEA-8B13-DB51681CA2C8}
	EndProjectSection
EndProject
Project("{FAE04EC0-301F-11D3-BF4B-00C04F79EFBC}") = "Chronos.DotNet.TracingProfiler", "Chronos.DotNet.TracingProfiler\Chronos.DotNet.TracingProfiler\Chronos.DotNet.TracingProfiler.csproj", "{9CCB0F7A-1475-4C1B-B8FB-6D9C52CBAE6A}"
EndProject
Project("{8BC9CEB8-8B4A-11D0-8D11-00A0C91BC942}") = "Chronos.DotNet.TracingProfiler.Agent", "Chronos.DotNet.TracingProfiler\Chronos.DotNet.TracingProfiler.Agent\Chronos.DotNet.TracingProfiler.Agent.vcxproj", "{82DBA9A9-38CA-410A-AA35-E06F75881844}"
	ProjectSection(ProjectDependencies) = postProject
		{68BAA918-48B3-489F-BECC-1342D4217F1E} = {68BAA918-48B3-489F-BECC-1342D4217F1E}
		{2E54B75A-153B-46A6-B85B-70CADF820627} = {2E54B75A-153B-46A6-B85B-70CADF820627}
		{623A4BDD-BC7A-468F-A159-5E4B4E87CEDA} = {623A4BDD-BC7A-468F-A159-5E4B4E87CEDA}
	EndProjectSection
EndProject
Project("{930C7802-8A8C-48F9-8165-68863BCCD9DD}") = "Chronos.DotNet.TracingProfiler.Module", "Chronos.DotNet.TracingProfiler\Chronos.DotNet.TracingProfiler.Module\Chronos.DotNet.TracingProfiler.Module.wixproj", "{ED79316E-7447-42A5-A9A1-CFDFD1C5C734}"
	ProjectSection(ProjectDependencies) = postProject
		{9CCB0F7A-1475-4C1B-B8FB-6D9C52CBAE6A} = {9CCB0F7A-1475-4C1B-B8FB-6D9C52CBAE6A}
		{82DBA9A9-38CA-410A-AA35-E06F75881844} = {82DBA9A9-38CA-410A-AA35-E06F75881844}
	EndProjectSection
EndProject
Project("{FAE04EC0-301F-11D3-BF4B-00C04F79EFBC}") = "Chronos.Client.Win", "Chronos.Client.Win\Chronos.Client.Win\Chronos.Client.Win.csproj", "{6DB0686C-3F7A-4156-A4BB-3709BC048454}"
EndProject
Project("{FAE04EC0-301F-11D3-BF4B-00C04F79EFBC}") = "Chronos.Client.Win.Application", "Chronos.Client.Win\Chronos.Client.Win.Application\Chronos.Client.Win.Application.csproj", "{A0AE2F11-A543-40A6-89AC-2A8A66515167}"
EndProject
Project("{930C7802-8A8C-48F9-8165-68863BCCD9DD}") = "Chronos.Client.Win.Module", "Chronos.Client.Win\Chronos.Client.Win.Module\Chronos.Client.Win.Module.wixproj", "{80042A28-0336-4223-9D1B-FA87C3457E13}"
	ProjectSection(ProjectDependencies) = postProject
		{A0AE2F11-A543-40A6-89AC-2A8A66515167} = {A0AE2F11-A543-40A6-89AC-2A8A66515167}
		{6DB0686C-3F7A-4156-A4BB-3709BC048454} = {6DB0686C-3F7A-4156-A4BB-3709BC048454}
	EndProjectSection
EndProject
Project("{FAE04EC0-301F-11D3-BF4B-00C04F79EFBC}") = "Chronos.Client.Win.Common", "Chronos.Client.Win.Common\Chronos.Client.Win.Common\Chronos.Client.Win.Common.csproj", "{BF873565-C1B6-4286-9FA3-FE24A60A695E}"
EndProject
Project("{930C7802-8A8C-48F9-8165-68863BCCD9DD}") = "Chronos.Client.Win.Common.Module", "Chronos.Client.Win.Common\Chronos.Client.Win.Common.Module\Chronos.Client.Win.Common.Module.wixproj", "{6175F7DC-B6AC-4F6B-9515-31F6BBDA3B75}"
	ProjectSection(ProjectDependencies) = postProject
		{BF873565-C1B6-4286-9FA3-FE24A60A695E} = {BF873565-C1B6-4286-9FA3-FE24A60A695E}
	EndProjectSection
EndProject
Project("{FAE04EC0-301F-11D3-BF4B-00C04F79EFBC}") = "Chronos.Client.Win.Common.EventsTree", "Chronos.Client.Win.Common.EventsTree\Chronos.Client.Win.Common.EventsTree\Chronos.Client.Win.Common.EventsTree.csproj", "{2F82A13C-1F9F-400C-B802-7B37AC97115F}"
EndProject
Project("{930C7802-8A8C-48F9-8165-68863BCCD9DD}") = "Chronos.Client.Win.Common.EventsTree.Module", "Chronos.Client.Win.Common.EventsTree\Chronos.Client.Win.Common.EventsTree.Module\Chronos.Client.Win.Common.EventsTree.Module.wixproj", "{7C455AA8-C576-4286-9DF9-56F55256A8AB}"
	ProjectSection(ProjectDependencies) = postProject
		{2F82A13C-1F9F-400C-B802-7B37AC97115F} = {2F82A13C-1F9F-400C-B802-7B37AC97115F}
	EndProjectSection
EndProject
Project("{FAE04EC0-301F-11D3-BF4B-00C04F79EFBC}") = "Chronos.Client.Win.DotNet", "Chronos.Client.Win.DotNet\Chronos.Client.Win.DotNet\Chronos.Client.Win.DotNet.csproj", "{43C440C6-4A95-4280-BB9A-0E01D663E6EC}"
EndProject
Project("{930C7802-8A8C-48F9-8165-68863BCCD9DD}") = "Chronos.Client.Win.DotNet.Module", "Chronos.Client.Win.DotNet\Chronos.Client.Win.DotNet.Module\Chronos.Client.Win.DotNet.Module.wixproj", "{C305E599-C653-4830-BE3C-3E73A1035646}"
	ProjectSection(ProjectDependencies) = postProject
		{43C440C6-4A95-4280-BB9A-0E01D663E6EC} = {43C440C6-4A95-4280-BB9A-0E01D663E6EC}
	EndProjectSection
EndProject
Project("{FAE04EC0-301F-11D3-BF4B-00C04F79EFBC}") = "Chronos.Client.Win.DotNet.BasicProfiler", "Chronos.Client.Win.DotNet.BasicProfiler\Chronos.Client.Win.DotNet.BasicProfiler\Chronos.Client.Win.DotNet.BasicProfiler.csproj", "{1E668793-1DEA-4F66-B583-7C39FC670219}"
EndProject
Project("{930C7802-8A8C-48F9-8165-68863BCCD9DD}") = "Chronos.Client.Win.DotNet.BasicProfiler.Module", "Chronos.Client.Win.DotNet.BasicProfiler\Chronos.Client.Win.DotNet.BasicProfiler.Module\Chronos.Client.Win.DotNet.BasicProfiler.Module.wixproj", "{EEB4D6DB-C5A4-4400-B31A-2D4950FADF56}"
	ProjectSection(ProjectDependencies) = postProject
		{1E668793-1DEA-4F66-B583-7C39FC670219} = {1E668793-1DEA-4F66-B583-7C39FC670219}
	EndProjectSection
EndProject
Project("{FAE04EC0-301F-11D3-BF4B-00C04F79EFBC}") = "Chronos.Client.Win.DotNet.ExceptionMonitor", "Chronos.Client.Win.DotNet.ExceptionMonitor\Chronos.Client.Win.DotNet.ExceptionMonitor\Chronos.Client.Win.DotNet.ExceptionMonitor.csproj", "{E11F58D5-0B0E-4615-B159-5FA20FC586CC}"
EndProject
Project("{930C7802-8A8C-48F9-8165-68863BCCD9DD}") = "Chronos.Client.Win.DotNet.ExceptionMonitor.Module", "Chronos.Client.Win.DotNet.ExceptionMonitor\Chronos.Client.Win.DotNet.ExceptionMonitor.Module\Chronos.Client.Win.DotNet.ExceptionMonitor.Module.wixproj", "{D289921A-CB04-42F7-B52F-411913A5FF7E}"
	ProjectSection(ProjectDependencies) = postProject
		{E11F58D5-0B0E-4615-B159-5FA20FC586CC} = {E11F58D5-0B0E-4615-B159-5FA20FC586CC}
	EndProjectSection
EndProject
Project("{FAE04EC0-301F-11D3-BF4B-00C04F79EFBC}") = "Chronos.Client.Win.DotNet.SqlProfiler", "Chronos.Client.Win.DotNet.SqlProfiler\Chronos.Client.Win.DotNet.SqlProfiler\Chronos.Client.Win.DotNet.SqlProfiler.csproj", "{67AC8EEC-DC70-4201-BC8B-6220EAE15EA7}"
EndProject
Project("{930C7802-8A8C-48F9-8165-68863BCCD9DD}") = "Chronos.Client.Win.DotNet.SqlProfiler.Module", "Chronos.Client.Win.DotNet.SqlProfiler\Chronos.Client.Win.DotNet.SqlProfiler.Module\Chronos.Client.Win.DotNet.SqlProfiler.Module.wixproj", "{CB8E8B22-E76E-4A5B-98B9-6F132CB6ABDC}"
	ProjectSection(ProjectDependencies) = postProject
		{67AC8EEC-DC70-4201-BC8B-6220EAE15EA7} = {67AC8EEC-DC70-4201-BC8B-6220EAE15EA7}
	EndProjectSection
EndProject
Project("{FAE04EC0-301F-11D3-BF4B-00C04F79EFBC}") = "Chronos.Client.Win.DotNet.TracingProfiler", "Chronos.Client.Win.DotNet.TracingProfiler\Chronos.Client.Win.DotNet.TracingProfiler\Chronos.Client.Win.DotNet.TracingProfiler.csproj", "{C936E8BE-E44D-4C8D-AC8A-A091C796D139}"
EndProject
Project("{930C7802-8A8C-48F9-8165-68863BCCD9DD}") = "Chronos.Client.Win.DotNet.TracingProfiler.Module", "Chronos.Client.Win.DotNet.TracingProfiler\Chronos.Client.Win.DotNet.TracingProfiler.Module\Chronos.Client.Win.DotNet.TracingProfiler.Module.wixproj", "{755D5400-B94F-4B50-8BCE-0E8C179D90CF}"
	ProjectSection(ProjectDependencies) = postProject
		{C936E8BE-E44D-4C8D-AC8A-A091C796D139} = {C936E8BE-E44D-4C8D-AC8A-A091C796D139}
	EndProjectSection
EndProject
Project("{FAE04EC0-301F-11D3-BF4B-00C04F79EFBC}") = "Chronos.Common.DesktopApplication", "Chronos.Common.DesktopApplication\Chronos.Common.DesktopApplication\Chronos.Common.DesktopApplication.csproj", "{C37CE387-E513-478D-837C-F104C6A785A6}"
EndProject
Project("{930C7802-8A8C-48F9-8165-68863BCCD9DD}") = "Chronos.Common.DesktopApplication.Module", "Chronos.Common.DesktopApplication\Chronos.Common.DesktopApplication.Module\Chronos.Common.DesktopApplication.Module.wixproj", "{81860C39-5D41-4339-A498-51B1C67102B1}"
	ProjectSection(ProjectDependencies) = postProject
		{C37CE387-E513-478D-837C-F104C6A785A6} = {C37CE387-E513-478D-837C-F104C6A785A6}
	EndProjectSection
EndProject
Project("{FAE04EC0-301F-11D3-BF4B-00C04F79EFBC}") = "Chronos.Client.Win.Common.DesktopApplication", "Chronos.Client.Win.Common.DesktopApplication\Chronos.Client.Win.Common.DesktopApplication\Chronos.Client.Win.Common.DesktopApplication.csproj", "{D5482F9F-4C3C-49F2-AB94-6E9222D06106}"
EndProject
Project("{930C7802-8A8C-48F9-8165-68863BCCD9DD}") = "Chronos.Client.Win.Common.DesktopApplication.Module", "Chronos.Client.Win.Common.DesktopApplication\Chronos.Client.Win.Common.DesktopApplication.Module\Chronos.Client.Win.Common.DesktopApplication.Module.wixproj", "{FF745BC8-ED08-4375-9DAB-ED8C2E8CDAF5}"
	ProjectSection(ProjectDependencies) = postProject
		{D5482F9F-4C3C-49F2-AB94-6E9222D06106} = {D5482F9F-4C3C-49F2-AB94-6E9222D06106}
	EndProjectSection
EndProject
Project("{930C7802-8A8C-48F9-8165-68863BCCD9DD}") = "Chronos.Install", "Chronos.Install\Chronos.Install\Chronos.Install.wixproj", "{D9150473-C5EC-43FE-9CAD-14E401E6A01B}"
	ProjectSection(ProjectDependencies) = postProject
		{755D5400-B94F-4B50-8BCE-0E8C179D90CF} = {755D5400-B94F-4B50-8BCE-0E8C179D90CF}
		{CCD4900C-5EB1-45C2-B4E1-DE40F0FA6C96} = {CCD4900C-5EB1-45C2-B4E1-DE40F0FA6C96}
		{5DBE9D0F-942D-458E-B4DA-1B5A57E60DB4} = {5DBE9D0F-942D-458E-B4DA-1B5A57E60DB4}
		{D289921A-CB04-42F7-B52F-411913A5FF7E} = {D289921A-CB04-42F7-B52F-411913A5FF7E}
		{CB8E8B22-E76E-4A5B-98B9-6F132CB6ABDC} = {CB8E8B22-E76E-4A5B-98B9-6F132CB6ABDC}
		{80042A28-0336-4223-9D1B-FA87C3457E13} = {80042A28-0336-4223-9D1B-FA87C3457E13}
		{81860C39-5D41-4339-A498-51B1C67102B1} = {81860C39-5D41-4339-A498-51B1C67102B1}
		{5F8A2D42-1604-45C4-B21B-38B9B54F0B71} = {5F8A2D42-1604-45C4-B21B-38B9B54F0B71}
		{3FDD2446-7BA1-437E-AAA5-7DDFAAAB37E5} = {3FDD2446-7BA1-437E-AAA5-7DDFAAAB37E5}
		{8B2D7550-9E2E-4309-A57E-63F406F8E309} = {8B2D7550-9E2E-4309-A57E-63F406F8E309}
		{ED79316E-7447-42A5-A9A1-CFDFD1C5C734} = {ED79316E-7447-42A5-A9A1-CFDFD1C5C734}
		{64945790-3C3B-4C88-81AF-EDD31CD3BA1C} = {64945790-3C3B-4C88-81AF-EDD31CD3BA1C}
		{C305E599-C653-4830-BE3C-3E73A1035646} = {C305E599-C653-4830-BE3C-3E73A1035646}
		{2DE9589A-AEDB-4964-8877-C18D11F8D9F5} = {2DE9589A-AEDB-4964-8877-C18D11F8D9F5}
		{9B2E6C9F-9B68-477D-8643-ED76CCB021BA} = {9B2E6C9F-9B68-477D-8643-ED76CCB021BA}
		{7C455AA8-C576-4286-9DF9-56F55256A8AB} = {7C455AA8-C576-4286-9DF9-56F55256A8AB}
		{FF745BC8-ED08-4375-9DAB-ED8C2E8CDAF5} = {FF745BC8-ED08-4375-9DAB-ED8C2E8CDAF5}
		{87CEC1D6-951E-465B-BA2B-17EFB4E30D7C} = {87CEC1D6-951E-465B-BA2B-17EFB4E30D7C}
		{EEB4D6DB-C5A4-4400-B31A-2D4950FADF56} = {EEB4D6DB-C5A4-4400-B31A-2D4950FADF56}
		{6175F7DC-B6AC-4F6B-9515-31F6BBDA3B75} = {6175F7DC-B6AC-4F6B-9515-31F6BBDA3B75}
		{9FBE1CF4-D567-4D69-B5F9-83FB90296E01} = {9FBE1CF4-D567-4D69-B5F9-83FB90296E01}
		{8DB4DDF5-3567-4EE9-A0E1-DA8A8E371A07} = {8DB4DDF5-3567-4EE9-A0E1-DA8A8E371A07}
	EndProjectSection
EndProject
Project("{2150E333-8FDC-42A3-9474-1A3956D46DE8}") = ".scripts", ".scripts", "{F8801842-5B23-4953-8FC9-F1110328AC89}"
	ProjectSection(SolutionItems) = preProject
		.scripts\Cpp.props = .scripts\Cpp.props
		.scripts\CSharp.targets = .scripts\CSharp.targets
		.scripts\ModuleInfo.wxi = .scripts\ModuleInfo.wxi
		.scripts\SolutionInfo.cs = .scripts\SolutionInfo.cs
		.scripts\StrongName.snk = .scripts\StrongName.snk
		.scripts\Wix.targets = .scripts\Wix.targets
	EndProjectSection
EndProject
Project("{8BC9CEB8-8B4A-11D0-8D11-00A0C91BC942}") = "Chronos.DotNet.Agent", "Chronos.DotNet\Chronos.DotNet.Agent\Chronos.DotNet.Agent.vcxproj", "{68BAA918-48B3-489F-BECC-1342D4217F1E}"
	ProjectSection(ProjectDependencies) = postProject
		{77D938DF-D463-407F-8CDE-3A69EFF4D8AF} = {77D938DF-D463-407F-8CDE-3A69EFF4D8AF}
	EndProjectSection
EndProject
Project("{8BC9CEB8-8B4A-11D0-8D11-00A0C91BC942}") = "Chronos.DotNet.Agent.EntryPoint", "Chronos.DotNet\Chronos.DotNet.Agent.EntryPoint\Chronos.DotNet.Agent.EntryPoint.vcxproj", "{65775615-5BB2-4D55-8EC3-D09563A191D2}"
	ProjectSection(ProjectDependencies) = postProject
		{68BAA918-48B3-489F-BECC-1342D4217F1E} = {68BAA918-48B3-489F-BECC-1342D4217F1E}
	EndProjectSection
EndProject
Project("{2150E333-8FDC-42A3-9474-1A3956D46DE8}") = "Chronos.Common.WebApplication", "Chronos.Common.WebApplication", "{B0246FFC-0922-4D2C-845D-55BC2DDD9784}"
EndProject
Project("{FAE04EC0-301F-11D3-BF4B-00C04F79EFBC}") = "Chronos.Common.WebApplication", "Chronos.Common.WebApplication\Chronos.Common.WebApplication\Chronos.Common.WebApplication.csproj", "{B17CCE05-B8C7-4307-8599-37918F01B9FE}"
EndProject
Project("{930C7802-8A8C-48F9-8165-68863BCCD9DD}") = "Chronos.Common.WebApplication.Module", "Chronos.Common.WebApplication\Chronos.Common.WebApplication.Module\Chronos.Common.WebApplication.Module.wixproj", "{8DB4DDF5-3567-4EE9-A0E1-DA8A8E371A07}"
	ProjectSection(ProjectDependencies) = postProject
		{B17CCE05-B8C7-4307-8599-37918F01B9FE} = {B17CCE05-B8C7-4307-8599-37918F01B9FE}
	EndProjectSection
EndProject
Project("{2150E333-8FDC-42A3-9474-1A3956D46DE8}") = "Chronos.Client.Win.Common.WebApplication", "Chronos.Client.Win.Common.WebApplication", "{86AE8EC2-1E9F-415D-A555-3E62C232C509}"
EndProject
Project("{FAE04EC0-301F-11D3-BF4B-00C04F79EFBC}") = "Chronos.Client.Win.Common.WebApplication", "Chronos.Client.Win.Common.WebApplication\Chronos.Client.Win.Common.WebApplication\Chronos.Client.Win.Common.WebApplication.csproj", "{0BF9A6BF-6B38-45F6-AA52-DAD69A0162D1}"
EndProject
Project("{930C7802-8A8C-48F9-8165-68863BCCD9DD}") = "Chronos.Client.Win.Common.WebApplication.Module", "Chronos.Client.Win.Common.WebApplication\Chronos.Client.Win.Common.WebApplication.Module\Chronos.Client.Win.Common.WebApplication.Module.wixproj", "{CCD4900C-5EB1-45C2-B4E1-DE40F0FA6C96}"
	ProjectSection(ProjectDependencies) = postProject
		{0BF9A6BF-6B38-45F6-AA52-DAD69A0162D1} = {0BF9A6BF-6B38-45F6-AA52-DAD69A0162D1}
	EndProjectSection
EndProject
Project("{2150E333-8FDC-42A3-9474-1A3956D46DE8}") = "Chronos.Common.ServiceApplication", "Chronos.Common.ServiceApplication", "{4C859DE2-DF90-427F-8662-5BC5B73CA122}"
EndProject
Project("{FAE04EC0-301F-11D3-BF4B-00C04F79EFBC}") = "Chronos.Common.ServiceApplication", "Chronos.Common.ServiceApplication\Chronos.Common.ServiceApplication\Chronos.Common.ServiceApplication.csproj", "{33E27982-DE2E-4AF8-88EB-3D5ECEF6638D}"
EndProject
Project("{930C7802-8A8C-48F9-8165-68863BCCD9DD}") = "Chronos.Common.ServiceApplication.Module", "Chronos.Common.ServiceApplication\Chronos.Common.ServiceApplication.Module\Chronos.Common.ServiceApplication.Module.wixproj", "{5DBE9D0F-942D-458E-B4DA-1B5A57E60DB4}"
	ProjectSection(ProjectDependencies) = postProject
		{33E27982-DE2E-4AF8-88EB-3D5ECEF6638D} = {33E27982-DE2E-4AF8-88EB-3D5ECEF6638D}
	EndProjectSection
EndProject
Project("{2150E333-8FDC-42A3-9474-1A3956D46DE8}") = "Chronos.Client.Win.Common.ServiceApplication", "Chronos.Client.Win.Common.ServiceApplication", "{93E067D8-BCCD-42CC-8E97-8CDD016E254D}"
EndProject
Project("{FAE04EC0-301F-11D3-BF4B-00C04F79EFBC}") = "Chronos.Client.Win.Common.ServiceApplication", "Chronos.Client.Win.Common.ServiceApplication\Chronos.Client.Win.Common.ServiceApplication\Chronos.Client.Win.Common.ServiceApplication.csproj", "{59C4185D-D82D-4643-A60F-AF11B3E3F9A2}"
EndProject
Project("{930C7802-8A8C-48F9-8165-68863BCCD9DD}") = "Chronos.Client.Win.Common.ServiceApplication.Module", "Chronos.Client.Win.Common.ServiceApplication\Chronos.Client.Win.Common.ServiceApplication.Module\Chronos.Client.Win.Common.ServiceApplication.Module.wixproj", "{2DE9589A-AEDB-4964-8877-C18D11F8D9F5}"
	ProjectSection(ProjectDependencies) = postProject
		{59C4185D-D82D-4643-A60F-AF11B3E3F9A2} = {59C4185D-D82D-4643-A60F-AF11B3E3F9A2}
	EndProjectSection
EndProject
Global
	GlobalSection(SolutionConfigurationPlatforms) = preSolution
		Debug|Any CPU = Debug|Any CPU
		Debug|Mixed Platforms = Debug|Mixed Platforms
		Debug|x86 = Debug|x86
		Release|Any CPU = Release|Any CPU
		Release|Mixed Platforms = Release|Mixed Platforms
		Release|x86 = Release|x86
	EndGlobalSection
	GlobalSection(ProjectConfigurationPlatforms) = postSolution
		{75BA0099-4AD5-4A8E-8CA4-4ECB842E169C}.Debug|Any CPU.ActiveCfg = Debug|Any CPU
		{75BA0099-4AD5-4A8E-8CA4-4ECB842E169C}.Debug|Any CPU.Build.0 = Debug|Any CPU
		{75BA0099-4AD5-4A8E-8CA4-4ECB842E169C}.Debug|Mixed Platforms.ActiveCfg = Debug|Any CPU
		{75BA0099-4AD5-4A8E-8CA4-4ECB842E169C}.Debug|Mixed Platforms.Build.0 = Debug|Any CPU
		{75BA0099-4AD5-4A8E-8CA4-4ECB842E169C}.Debug|x86.ActiveCfg = Debug|Any CPU
		{75BA0099-4AD5-4A8E-8CA4-4ECB842E169C}.Release|Any CPU.ActiveCfg = Release|Any CPU
		{75BA0099-4AD5-4A8E-8CA4-4ECB842E169C}.Release|Any CPU.Build.0 = Release|Any CPU
		{75BA0099-4AD5-4A8E-8CA4-4ECB842E169C}.Release|Mixed Platforms.ActiveCfg = Release|Any CPU
		{75BA0099-4AD5-4A8E-8CA4-4ECB842E169C}.Release|Mixed Platforms.Build.0 = Release|Any CPU
		{75BA0099-4AD5-4A8E-8CA4-4ECB842E169C}.Release|x86.ActiveCfg = Release|Any CPU
		{77D938DF-D463-407F-8CDE-3A69EFF4D8AF}.Debug|Any CPU.ActiveCfg = Debug|Win32
		{77D938DF-D463-407F-8CDE-3A69EFF4D8AF}.Debug|Mixed Platforms.ActiveCfg = Debug|Win32
		{77D938DF-D463-407F-8CDE-3A69EFF4D8AF}.Debug|Mixed Platforms.Build.0 = Debug|Win32
		{77D938DF-D463-407F-8CDE-3A69EFF4D8AF}.Debug|x86.ActiveCfg = Debug|Win32
		{77D938DF-D463-407F-8CDE-3A69EFF4D8AF}.Debug|x86.Build.0 = Debug|Win32
		{77D938DF-D463-407F-8CDE-3A69EFF4D8AF}.Release|Any CPU.ActiveCfg = Release|Win32
		{77D938DF-D463-407F-8CDE-3A69EFF4D8AF}.Release|Mixed Platforms.ActiveCfg = Release|Win32
		{77D938DF-D463-407F-8CDE-3A69EFF4D8AF}.Release|Mixed Platforms.Build.0 = Release|Win32
		{77D938DF-D463-407F-8CDE-3A69EFF4D8AF}.Release|x86.ActiveCfg = Release|Win32
		{77D938DF-D463-407F-8CDE-3A69EFF4D8AF}.Release|x86.Build.0 = Release|Win32
		{12ADF054-6063-4572-B877-5CDCD4258C33}.Debug|Any CPU.ActiveCfg = Debug|Any CPU
		{12ADF054-6063-4572-B877-5CDCD4258C33}.Debug|Any CPU.Build.0 = Debug|Any CPU
		{12ADF054-6063-4572-B877-5CDCD4258C33}.Debug|Mixed Platforms.ActiveCfg = Debug|Any CPU
		{12ADF054-6063-4572-B877-5CDCD4258C33}.Debug|Mixed Platforms.Build.0 = Debug|Any CPU
		{12ADF054-6063-4572-B877-5CDCD4258C33}.Debug|x86.ActiveCfg = Debug|Any CPU
		{12ADF054-6063-4572-B877-5CDCD4258C33}.Release|Any CPU.ActiveCfg = Release|Any CPU
		{12ADF054-6063-4572-B877-5CDCD4258C33}.Release|Any CPU.Build.0 = Release|Any CPU
		{12ADF054-6063-4572-B877-5CDCD4258C33}.Release|Mixed Platforms.ActiveCfg = Release|Any CPU
		{12ADF054-6063-4572-B877-5CDCD4258C33}.Release|Mixed Platforms.Build.0 = Release|Any CPU
		{12ADF054-6063-4572-B877-5CDCD4258C33}.Release|x86.ActiveCfg = Release|Any CPU
		{BC621A93-A852-42B2-BAC9-4F10F09F9E79}.Debug|Any CPU.ActiveCfg = Debug|Any CPU
		{BC621A93-A852-42B2-BAC9-4F10F09F9E79}.Debug|Any CPU.Build.0 = Debug|Any CPU
		{BC621A93-A852-42B2-BAC9-4F10F09F9E79}.Debug|Mixed Platforms.ActiveCfg = Debug|Any CPU
		{BC621A93-A852-42B2-BAC9-4F10F09F9E79}.Debug|Mixed Platforms.Build.0 = Debug|Any CPU
		{BC621A93-A852-42B2-BAC9-4F10F09F9E79}.Debug|x86.ActiveCfg = Debug|Any CPU
		{BC621A93-A852-42B2-BAC9-4F10F09F9E79}.Release|Any CPU.ActiveCfg = Release|Any CPU
		{BC621A93-A852-42B2-BAC9-4F10F09F9E79}.Release|Any CPU.Build.0 = Release|Any CPU
		{BC621A93-A852-42B2-BAC9-4F10F09F9E79}.Release|Mixed Platforms.ActiveCfg = Release|Any CPU
		{BC621A93-A852-42B2-BAC9-4F10F09F9E79}.Release|Mixed Platforms.Build.0 = Release|Any CPU
		{BC621A93-A852-42B2-BAC9-4F10F09F9E79}.Release|x86.ActiveCfg = Release|Any CPU
		{9FBE1CF4-D567-4D69-B5F9-83FB90296E01}.Debug|Any CPU.ActiveCfg = Debug|x86
		{9FBE1CF4-D567-4D69-B5F9-83FB90296E01}.Debug|Mixed Platforms.ActiveCfg = Debug|x86
		{9FBE1CF4-D567-4D69-B5F9-83FB90296E01}.Debug|Mixed Platforms.Build.0 = Debug|x86
		{9FBE1CF4-D567-4D69-B5F9-83FB90296E01}.Debug|x86.ActiveCfg = Debug|x86
		{9FBE1CF4-D567-4D69-B5F9-83FB90296E01}.Debug|x86.Build.0 = Debug|x86
		{9FBE1CF4-D567-4D69-B5F9-83FB90296E01}.Release|Any CPU.ActiveCfg = Release|x86
		{9FBE1CF4-D567-4D69-B5F9-83FB90296E01}.Release|Mixed Platforms.ActiveCfg = Release|x86
		{9FBE1CF4-D567-4D69-B5F9-83FB90296E01}.Release|Mixed Platforms.Build.0 = Release|x86
		{9FBE1CF4-D567-4D69-B5F9-83FB90296E01}.Release|x86.ActiveCfg = Release|x86
		{9FBE1CF4-D567-4D69-B5F9-83FB90296E01}.Release|x86.Build.0 = Release|x86
		{3FF82557-B745-4C8A-B691-D1323C08EA12}.Debug|Any CPU.ActiveCfg = Debug|Any CPU
		{3FF82557-B745-4C8A-B691-D1323C08EA12}.Debug|Any CPU.Build.0 = Debug|Any CPU
		{3FF82557-B745-4C8A-B691-D1323C08EA12}.Debug|Mixed Platforms.ActiveCfg = Debug|Any CPU
		{3FF82557-B745-4C8A-B691-D1323C08EA12}.Debug|Mixed Platforms.Build.0 = Debug|Any CPU
		{3FF82557-B745-4C8A-B691-D1323C08EA12}.Debug|x86.ActiveCfg = Debug|Any CPU
		{3FF82557-B745-4C8A-B691-D1323C08EA12}.Release|Any CPU.ActiveCfg = Release|Any CPU
		{3FF82557-B745-4C8A-B691-D1323C08EA12}.Release|Any CPU.Build.0 = Release|Any CPU
		{3FF82557-B745-4C8A-B691-D1323C08EA12}.Release|Mixed Platforms.ActiveCfg = Release|Any CPU
		{3FF82557-B745-4C8A-B691-D1323C08EA12}.Release|Mixed Platforms.Build.0 = Release|Any CPU
		{3FF82557-B745-4C8A-B691-D1323C08EA12}.Release|x86.ActiveCfg = Release|Any CPU
		{62982EEE-F755-4CFC-A8CF-70E83A61A729}.Debug|Any CPU.ActiveCfg = Debug|Win32
		{62982EEE-F755-4CFC-A8CF-70E83A61A729}.Debug|Mixed Platforms.ActiveCfg = Debug|Win32
		{62982EEE-F755-4CFC-A8CF-70E83A61A729}.Debug|Mixed Platforms.Build.0 = Debug|Win32
		{62982EEE-F755-4CFC-A8CF-70E83A61A729}.Debug|x86.ActiveCfg = Debug|Win32
		{62982EEE-F755-4CFC-A8CF-70E83A61A729}.Debug|x86.Build.0 = Debug|Win32
		{62982EEE-F755-4CFC-A8CF-70E83A61A729}.Release|Any CPU.ActiveCfg = Release|Win32
		{62982EEE-F755-4CFC-A8CF-70E83A61A729}.Release|Mixed Platforms.ActiveCfg = Release|Win32
		{62982EEE-F755-4CFC-A8CF-70E83A61A729}.Release|Mixed Platforms.Build.0 = Release|Win32
		{62982EEE-F755-4CFC-A8CF-70E83A61A729}.Release|x86.ActiveCfg = Release|Win32
		{62982EEE-F755-4CFC-A8CF-70E83A61A729}.Release|x86.Build.0 = Release|Win32
		{3FDD2446-7BA1-437E-AAA5-7DDFAAAB37E5}.Debug|Any CPU.ActiveCfg = Debug|x86
		{3FDD2446-7BA1-437E-AAA5-7DDFAAAB37E5}.Debug|Mixed Platforms.ActiveCfg = Debug|x86
		{3FDD2446-7BA1-437E-AAA5-7DDFAAAB37E5}.Debug|Mixed Platforms.Build.0 = Debug|x86
		{3FDD2446-7BA1-437E-AAA5-7DDFAAAB37E5}.Debug|x86.ActiveCfg = Debug|x86
		{3FDD2446-7BA1-437E-AAA5-7DDFAAAB37E5}.Debug|x86.Build.0 = Debug|x86
		{3FDD2446-7BA1-437E-AAA5-7DDFAAAB37E5}.Release|Any CPU.ActiveCfg = Release|x86
		{3FDD2446-7BA1-437E-AAA5-7DDFAAAB37E5}.Release|Mixed Platforms.ActiveCfg = Release|x86
		{3FDD2446-7BA1-437E-AAA5-7DDFAAAB37E5}.Release|Mixed Platforms.Build.0 = Release|x86
		{3FDD2446-7BA1-437E-AAA5-7DDFAAAB37E5}.Release|x86.ActiveCfg = Release|x86
		{3FDD2446-7BA1-437E-AAA5-7DDFAAAB37E5}.Release|x86.Build.0 = Release|x86
		{2F69C3FB-4DD5-440F-B96E-42BEBFBE8011}.Debug|Any CPU.ActiveCfg = Debug|Any CPU
		{2F69C3FB-4DD5-440F-B96E-42BEBFBE8011}.Debug|Any CPU.Build.0 = Debug|Any CPU
		{2F69C3FB-4DD5-440F-B96E-42BEBFBE8011}.Debug|Mixed Platforms.ActiveCfg = Debug|Any CPU
		{2F69C3FB-4DD5-440F-B96E-42BEBFBE8011}.Debug|Mixed Platforms.Build.0 = Debug|Any CPU
		{2F69C3FB-4DD5-440F-B96E-42BEBFBE8011}.Debug|x86.ActiveCfg = Debug|Any CPU
		{2F69C3FB-4DD5-440F-B96E-42BEBFBE8011}.Release|Any CPU.ActiveCfg = Release|Any CPU
		{2F69C3FB-4DD5-440F-B96E-42BEBFBE8011}.Release|Any CPU.Build.0 = Release|Any CPU
		{2F69C3FB-4DD5-440F-B96E-42BEBFBE8011}.Release|Mixed Platforms.ActiveCfg = Release|Any CPU
		{2F69C3FB-4DD5-440F-B96E-42BEBFBE8011}.Release|Mixed Platforms.Build.0 = Release|Any CPU
		{2F69C3FB-4DD5-440F-B96E-42BEBFBE8011}.Release|x86.ActiveCfg = Release|Any CPU
		{2E54B75A-153B-46A6-B85B-70CADF820627}.Debug|Any CPU.ActiveCfg = Debug|Win32
		{2E54B75A-153B-46A6-B85B-70CADF820627}.Debug|Mixed Platforms.ActiveCfg = Debug|Win32
		{2E54B75A-153B-46A6-B85B-70CADF820627}.Debug|Mixed Platforms.Build.0 = Debug|Win32
		{2E54B75A-153B-46A6-B85B-70CADF820627}.Debug|x86.ActiveCfg = Debug|Win32
		{2E54B75A-153B-46A6-B85B-70CADF820627}.Debug|x86.Build.0 = Debug|Win32
		{2E54B75A-153B-46A6-B85B-70CADF820627}.Release|Any CPU.ActiveCfg = Release|Win32
		{2E54B75A-153B-46A6-B85B-70CADF820627}.Release|Mixed Platforms.ActiveCfg = Release|Win32
		{2E54B75A-153B-46A6-B85B-70CADF820627}.Release|Mixed Platforms.Build.0 = Release|Win32
		{2E54B75A-153B-46A6-B85B-70CADF820627}.Release|x86.ActiveCfg = Release|Win32
		{2E54B75A-153B-46A6-B85B-70CADF820627}.Release|x86.Build.0 = Release|Win32
		{9B2E6C9F-9B68-477D-8643-ED76CCB021BA}.Debug|Any CPU.ActiveCfg = Debug|x86
		{9B2E6C9F-9B68-477D-8643-ED76CCB021BA}.Debug|Mixed Platforms.ActiveCfg = Debug|x86
		{9B2E6C9F-9B68-477D-8643-ED76CCB021BA}.Debug|Mixed Platforms.Build.0 = Debug|x86
		{9B2E6C9F-9B68-477D-8643-ED76CCB021BA}.Debug|x86.ActiveCfg = Debug|x86
		{9B2E6C9F-9B68-477D-8643-ED76CCB021BA}.Debug|x86.Build.0 = Debug|x86
		{9B2E6C9F-9B68-477D-8643-ED76CCB021BA}.Release|Any CPU.ActiveCfg = Release|x86
		{9B2E6C9F-9B68-477D-8643-ED76CCB021BA}.Release|Mixed Platforms.ActiveCfg = Release|x86
		{9B2E6C9F-9B68-477D-8643-ED76CCB021BA}.Release|Mixed Platforms.Build.0 = Release|x86
		{9B2E6C9F-9B68-477D-8643-ED76CCB021BA}.Release|x86.ActiveCfg = Release|x86
		{9B2E6C9F-9B68-477D-8643-ED76CCB021BA}.Release|x86.Build.0 = Release|x86
		{B339B248-659F-4780-9185-3D06450EBD6D}.Debug|Any CPU.ActiveCfg = Debug|Any CPU
		{B339B248-659F-4780-9185-3D06450EBD6D}.Debug|Any CPU.Build.0 = Debug|Any CPU
		{B339B248-659F-4780-9185-3D06450EBD6D}.Debug|Mixed Platforms.ActiveCfg = Debug|Any CPU
		{B339B248-659F-4780-9185-3D06450EBD6D}.Debug|Mixed Platforms.Build.0 = Debug|Any CPU
		{B339B248-659F-4780-9185-3D06450EBD6D}.Debug|x86.ActiveCfg = Debug|Any CPU
		{B339B248-659F-4780-9185-3D06450EBD6D}.Release|Any CPU.ActiveCfg = Release|Any CPU
		{B339B248-659F-4780-9185-3D06450EBD6D}.Release|Any CPU.Build.0 = Release|Any CPU
		{B339B248-659F-4780-9185-3D06450EBD6D}.Release|Mixed Platforms.ActiveCfg = Release|Any CPU
		{B339B248-659F-4780-9185-3D06450EBD6D}.Release|Mixed Platforms.Build.0 = Release|Any CPU
		{B339B248-659F-4780-9185-3D06450EBD6D}.Release|x86.ActiveCfg = Release|Any CPU
		{64945790-3C3B-4C88-81AF-EDD31CD3BA1C}.Debug|Any CPU.ActiveCfg = Debug|x86
		{64945790-3C3B-4C88-81AF-EDD31CD3BA1C}.Debug|Mixed Platforms.ActiveCfg = Debug|x86
		{64945790-3C3B-4C88-81AF-EDD31CD3BA1C}.Debug|Mixed Platforms.Build.0 = Debug|x86
		{64945790-3C3B-4C88-81AF-EDD31CD3BA1C}.Debug|x86.ActiveCfg = Debug|x86
		{64945790-3C3B-4C88-81AF-EDD31CD3BA1C}.Debug|x86.Build.0 = Debug|x86
		{64945790-3C3B-4C88-81AF-EDD31CD3BA1C}.Release|Any CPU.ActiveCfg = Release|x86
		{64945790-3C3B-4C88-81AF-EDD31CD3BA1C}.Release|Mixed Platforms.ActiveCfg = Release|x86
		{64945790-3C3B-4C88-81AF-EDD31CD3BA1C}.Release|Mixed Platforms.Build.0 = Release|x86
		{64945790-3C3B-4C88-81AF-EDD31CD3BA1C}.Release|x86.ActiveCfg = Release|x86
		{64945790-3C3B-4C88-81AF-EDD31CD3BA1C}.Release|x86.Build.0 = Release|x86
		{E4A7A762-8703-4C4D-A609-3915B0A1DFE4}.Debug|Any CPU.ActiveCfg = Debug|Any CPU
		{E4A7A762-8703-4C4D-A609-3915B0A1DFE4}.Debug|Any CPU.Build.0 = Debug|Any CPU
		{E4A7A762-8703-4C4D-A609-3915B0A1DFE4}.Debug|Mixed Platforms.ActiveCfg = Debug|Any CPU
		{E4A7A762-8703-4C4D-A609-3915B0A1DFE4}.Debug|Mixed Platforms.Build.0 = Debug|Any CPU
		{E4A7A762-8703-4C4D-A609-3915B0A1DFE4}.Debug|x86.ActiveCfg = Debug|Any CPU
		{E4A7A762-8703-4C4D-A609-3915B0A1DFE4}.Release|Any CPU.ActiveCfg = Release|Any CPU
		{E4A7A762-8703-4C4D-A609-3915B0A1DFE4}.Release|Any CPU.Build.0 = Release|Any CPU
		{E4A7A762-8703-4C4D-A609-3915B0A1DFE4}.Release|Mixed Platforms.ActiveCfg = Release|Any CPU
		{E4A7A762-8703-4C4D-A609-3915B0A1DFE4}.Release|Mixed Platforms.Build.0 = Release|Any CPU
		{E4A7A762-8703-4C4D-A609-3915B0A1DFE4}.Release|x86.ActiveCfg = Release|Any CPU
		{623A4BDD-BC7A-468F-A159-5E4B4E87CEDA}.Debug|Any CPU.ActiveCfg = Debug|Win32
		{623A4BDD-BC7A-468F-A159-5E4B4E87CEDA}.Debug|Mixed Platforms.ActiveCfg = Debug|Win32
		{623A4BDD-BC7A-468F-A159-5E4B4E87CEDA}.Debug|Mixed Platforms.Build.0 = Debug|Win32
		{623A4BDD-BC7A-468F-A159-5E4B4E87CEDA}.Debug|x86.ActiveCfg = Debug|Win32
		{623A4BDD-BC7A-468F-A159-5E4B4E87CEDA}.Debug|x86.Build.0 = Debug|Win32
		{623A4BDD-BC7A-468F-A159-5E4B4E87CEDA}.Release|Any CPU.ActiveCfg = Release|Win32
		{623A4BDD-BC7A-468F-A159-5E4B4E87CEDA}.Release|Mixed Platforms.ActiveCfg = Release|Win32
		{623A4BDD-BC7A-468F-A159-5E4B4E87CEDA}.Release|Mixed Platforms.Build.0 = Release|Win32
		{623A4BDD-BC7A-468F-A159-5E4B4E87CEDA}.Release|x86.ActiveCfg = Release|Win32
		{623A4BDD-BC7A-468F-A159-5E4B4E87CEDA}.Release|x86.Build.0 = Release|Win32
		{87CEC1D6-951E-465B-BA2B-17EFB4E30D7C}.Debug|Any CPU.ActiveCfg = Debug|x86
		{87CEC1D6-951E-465B-BA2B-17EFB4E30D7C}.Debug|Mixed Platforms.ActiveCfg = Debug|x86
		{87CEC1D6-951E-465B-BA2B-17EFB4E30D7C}.Debug|Mixed Platforms.Build.0 = Debug|x86
		{87CEC1D6-951E-465B-BA2B-17EFB4E30D7C}.Debug|x86.ActiveCfg = Debug|x86
		{87CEC1D6-951E-465B-BA2B-17EFB4E30D7C}.Debug|x86.Build.0 = Debug|x86
		{87CEC1D6-951E-465B-BA2B-17EFB4E30D7C}.Release|Any CPU.ActiveCfg = Release|x86
		{87CEC1D6-951E-465B-BA2B-17EFB4E30D7C}.Release|Mixed Platforms.ActiveCfg = Release|x86
		{87CEC1D6-951E-465B-BA2B-17EFB4E30D7C}.Release|Mixed Platforms.Build.0 = Release|x86
		{87CEC1D6-951E-465B-BA2B-17EFB4E30D7C}.Release|x86.ActiveCfg = Release|x86
		{87CEC1D6-951E-465B-BA2B-17EFB4E30D7C}.Release|x86.Build.0 = Release|x86
		{E1E60988-E5B5-4C51-B3AB-170023811015}.Debug|Any CPU.ActiveCfg = Debug|Any CPU
		{E1E60988-E5B5-4C51-B3AB-170023811015}.Debug|Any CPU.Build.0 = Debug|Any CPU
		{E1E60988-E5B5-4C51-B3AB-170023811015}.Debug|Mixed Platforms.ActiveCfg = Debug|Any CPU
		{E1E60988-E5B5-4C51-B3AB-170023811015}.Debug|Mixed Platforms.Build.0 = Debug|Any CPU
		{E1E60988-E5B5-4C51-B3AB-170023811015}.Debug|x86.ActiveCfg = Debug|Any CPU
		{E1E60988-E5B5-4C51-B3AB-170023811015}.Release|Any CPU.ActiveCfg = Release|Any CPU
		{E1E60988-E5B5-4C51-B3AB-170023811015}.Release|Any CPU.Build.0 = Release|Any CPU
		{E1E60988-E5B5-4C51-B3AB-170023811015}.Release|Mixed Platforms.ActiveCfg = Release|Any CPU
		{E1E60988-E5B5-4C51-B3AB-170023811015}.Release|Mixed Platforms.Build.0 = Release|Any CPU
		{E1E60988-E5B5-4C51-B3AB-170023811015}.Release|x86.ActiveCfg = Release|Any CPU
		{8F777EF9-72C8-4911-83A3-B0105D70C7E9}.Debug|Any CPU.ActiveCfg = Debug|Win32
		{8F777EF9-72C8-4911-83A3-B0105D70C7E9}.Debug|Mixed Platforms.ActiveCfg = Debug|Win32
		{8F777EF9-72C8-4911-83A3-B0105D70C7E9}.Debug|Mixed Platforms.Build.0 = Debug|Win32
		{8F777EF9-72C8-4911-83A3-B0105D70C7E9}.Debug|x86.ActiveCfg = Debug|Win32
		{8F777EF9-72C8-4911-83A3-B0105D70C7E9}.Debug|x86.Build.0 = Debug|Win32
		{8F777EF9-72C8-4911-83A3-B0105D70C7E9}.Release|Any CPU.ActiveCfg = Release|Win32
		{8F777EF9-72C8-4911-83A3-B0105D70C7E9}.Release|Mixed Platforms.ActiveCfg = Release|Win32
		{8F777EF9-72C8-4911-83A3-B0105D70C7E9}.Release|Mixed Platforms.Build.0 = Release|Win32
		{8F777EF9-72C8-4911-83A3-B0105D70C7E9}.Release|x86.ActiveCfg = Release|Win32
		{8F777EF9-72C8-4911-83A3-B0105D70C7E9}.Release|x86.Build.0 = Release|Win32
		{5F8A2D42-1604-45C4-B21B-38B9B54F0B71}.Debug|Any CPU.ActiveCfg = Debug|x86
		{5F8A2D42-1604-45C4-B21B-38B9B54F0B71}.Debug|Mixed Platforms.ActiveCfg = Debug|x86
		{5F8A2D42-1604-45C4-B21B-38B9B54F0B71}.Debug|Mixed Platforms.Build.0 = Debug|x86
		{5F8A2D42-1604-45C4-B21B-38B9B54F0B71}.Debug|x86.ActiveCfg = Debug|x86
		{5F8A2D42-1604-45C4-B21B-38B9B54F0B71}.Debug|x86.Build.0 = Debug|x86
		{5F8A2D42-1604-45C4-B21B-38B9B54F0B71}.Release|Any CPU.ActiveCfg = Release|x86
		{5F8A2D42-1604-45C4-B21B-38B9B54F0B71}.Release|Mixed Platforms.ActiveCfg = Release|x86
		{5F8A2D42-1604-45C4-B21B-38B9B54F0B71}.Release|Mixed Platforms.Build.0 = Release|x86
		{5F8A2D42-1604-45C4-B21B-38B9B54F0B71}.Release|x86.ActiveCfg = Release|x86
		{5F8A2D42-1604-45C4-B21B-38B9B54F0B71}.Release|x86.Build.0 = Release|x86
		{09E516DD-C29C-4FEA-8B13-DB51681CA2C8}.Debug|Any CPU.ActiveCfg = Debug|Any CPU
		{09E516DD-C29C-4FEA-8B13-DB51681CA2C8}.Debug|Any CPU.Build.0 = Debug|Any CPU
		{09E516DD-C29C-4FEA-8B13-DB51681CA2C8}.Debug|Mixed Platforms.ActiveCfg = Debug|Any CPU
		{09E516DD-C29C-4FEA-8B13-DB51681CA2C8}.Debug|Mixed Platforms.Build.0 = Debug|Any CPU
		{09E516DD-C29C-4FEA-8B13-DB51681CA2C8}.Debug|x86.ActiveCfg = Debug|Any CPU
		{09E516DD-C29C-4FEA-8B13-DB51681CA2C8}.Release|Any CPU.ActiveCfg = Release|Any CPU
		{09E516DD-C29C-4FEA-8B13-DB51681CA2C8}.Release|Any CPU.Build.0 = Release|Any CPU
		{09E516DD-C29C-4FEA-8B13-DB51681CA2C8}.Release|Mixed Platforms.ActiveCfg = Release|Any CPU
		{09E516DD-C29C-4FEA-8B13-DB51681CA2C8}.Release|Mixed Platforms.Build.0 = Release|Any CPU
		{09E516DD-C29C-4FEA-8B13-DB51681CA2C8}.Release|x86.ActiveCfg = Release|Any CPU
		{5C8C1AC3-CEAF-4224-AB93-F3F57FD03ADF}.Debug|Any CPU.ActiveCfg = Debug|Win32
		{5C8C1AC3-CEAF-4224-AB93-F3F57FD03ADF}.Debug|Mixed Platforms.ActiveCfg = Debug|Win32
		{5C8C1AC3-CEAF-4224-AB93-F3F57FD03ADF}.Debug|Mixed Platforms.Build.0 = Debug|Win32
		{5C8C1AC3-CEAF-4224-AB93-F3F57FD03ADF}.Debug|x86.ActiveCfg = Debug|Win32
		{5C8C1AC3-CEAF-4224-AB93-F3F57FD03ADF}.Debug|x86.Build.0 = Debug|Win32
		{5C8C1AC3-CEAF-4224-AB93-F3F57FD03ADF}.Release|Any CPU.ActiveCfg = Release|Win32
		{5C8C1AC3-CEAF-4224-AB93-F3F57FD03ADF}.Release|Mixed Platforms.ActiveCfg = Release|Win32
		{5C8C1AC3-CEAF-4224-AB93-F3F57FD03ADF}.Release|Mixed Platforms.Build.0 = Release|Win32
		{5C8C1AC3-CEAF-4224-AB93-F3F57FD03ADF}.Release|x86.ActiveCfg = Release|Win32
		{5C8C1AC3-CEAF-4224-AB93-F3F57FD03ADF}.Release|x86.Build.0 = Release|Win32
		{8B2D7550-9E2E-4309-A57E-63F406F8E309}.Debug|Any CPU.ActiveCfg = Debug|x86
		{8B2D7550-9E2E-4309-A57E-63F406F8E309}.Debug|Mixed Platforms.ActiveCfg = Debug|x86
		{8B2D7550-9E2E-4309-A57E-63F406F8E309}.Debug|Mixed Platforms.Build.0 = Debug|x86
		{8B2D7550-9E2E-4309-A57E-63F406F8E309}.Debug|x86.ActiveCfg = Debug|x86
		{8B2D7550-9E2E-4309-A57E-63F406F8E309}.Debug|x86.Build.0 = Debug|x86
		{8B2D7550-9E2E-4309-A57E-63F406F8E309}.Release|Any CPU.ActiveCfg = Release|x86
		{8B2D7550-9E2E-4309-A57E-63F406F8E309}.Release|Mixed Platforms.ActiveCfg = Release|x86
		{8B2D7550-9E2E-4309-A57E-63F406F8E309}.Release|Mixed Platforms.Build.0 = Release|x86
		{8B2D7550-9E2E-4309-A57E-63F406F8E309}.Release|x86.ActiveCfg = Release|x86
		{8B2D7550-9E2E-4309-A57E-63F406F8E309}.Release|x86.Build.0 = Release|x86
		{9CCB0F7A-1475-4C1B-B8FB-6D9C52CBAE6A}.Debug|Any CPU.ActiveCfg = Debug|Any CPU
		{9CCB0F7A-1475-4C1B-B8FB-6D9C52CBAE6A}.Debug|Any CPU.Build.0 = Debug|Any CPU
		{9CCB0F7A-1475-4C1B-B8FB-6D9C52CBAE6A}.Debug|Mixed Platforms.ActiveCfg = Debug|Any CPU
		{9CCB0F7A-1475-4C1B-B8FB-6D9C52CBAE6A}.Debug|Mixed Platforms.Build.0 = Debug|Any CPU
		{9CCB0F7A-1475-4C1B-B8FB-6D9C52CBAE6A}.Debug|x86.ActiveCfg = Debug|Any CPU
		{9CCB0F7A-1475-4C1B-B8FB-6D9C52CBAE6A}.Release|Any CPU.ActiveCfg = Release|Any CPU
		{9CCB0F7A-1475-4C1B-B8FB-6D9C52CBAE6A}.Release|Any CPU.Build.0 = Release|Any CPU
		{9CCB0F7A-1475-4C1B-B8FB-6D9C52CBAE6A}.Release|Mixed Platforms.ActiveCfg = Release|Any CPU
		{9CCB0F7A-1475-4C1B-B8FB-6D9C52CBAE6A}.Release|Mixed Platforms.Build.0 = Release|Any CPU
		{9CCB0F7A-1475-4C1B-B8FB-6D9C52CBAE6A}.Release|x86.ActiveCfg = Release|Any CPU
		{82DBA9A9-38CA-410A-AA35-E06F75881844}.Debug|Any CPU.ActiveCfg = Debug|Win32
		{82DBA9A9-38CA-410A-AA35-E06F75881844}.Debug|Mixed Platforms.ActiveCfg = Debug|Win32
		{82DBA9A9-38CA-410A-AA35-E06F75881844}.Debug|Mixed Platforms.Build.0 = Debug|Win32
		{82DBA9A9-38CA-410A-AA35-E06F75881844}.Debug|x86.ActiveCfg = Debug|Win32
		{82DBA9A9-38CA-410A-AA35-E06F75881844}.Debug|x86.Build.0 = Debug|Win32
		{82DBA9A9-38CA-410A-AA35-E06F75881844}.Release|Any CPU.ActiveCfg = Release|Win32
		{82DBA9A9-38CA-410A-AA35-E06F75881844}.Release|Mixed Platforms.ActiveCfg = Release|Win32
		{82DBA9A9-38CA-410A-AA35-E06F75881844}.Release|Mixed Platforms.Build.0 = Release|Win32
		{82DBA9A9-38CA-410A-AA35-E06F75881844}.Release|x86.ActiveCfg = Release|Win32
		{82DBA9A9-38CA-410A-AA35-E06F75881844}.Release|x86.Build.0 = Release|Win32
		{ED79316E-7447-42A5-A9A1-CFDFD1C5C734}.Debug|Any CPU.ActiveCfg = Debug|x86
		{ED79316E-7447-42A5-A9A1-CFDFD1C5C734}.Debug|Mixed Platforms.ActiveCfg = Debug|x86
		{ED79316E-7447-42A5-A9A1-CFDFD1C5C734}.Debug|Mixed Platforms.Build.0 = Debug|x86
		{ED79316E-7447-42A5-A9A1-CFDFD1C5C734}.Debug|x86.ActiveCfg = Debug|x86
		{ED79316E-7447-42A5-A9A1-CFDFD1C5C734}.Debug|x86.Build.0 = Debug|x86
		{ED79316E-7447-42A5-A9A1-CFDFD1C5C734}.Release|Any CPU.ActiveCfg = Release|x86
		{ED79316E-7447-42A5-A9A1-CFDFD1C5C734}.Release|Mixed Platforms.ActiveCfg = Release|x86
		{ED79316E-7447-42A5-A9A1-CFDFD1C5C734}.Release|Mixed Platforms.Build.0 = Release|x86
		{ED79316E-7447-42A5-A9A1-CFDFD1C5C734}.Release|x86.ActiveCfg = Release|x86
		{ED79316E-7447-42A5-A9A1-CFDFD1C5C734}.Release|x86.Build.0 = Release|x86
		{6DB0686C-3F7A-4156-A4BB-3709BC048454}.Debug|Any CPU.ActiveCfg = Debug|Any CPU
		{6DB0686C-3F7A-4156-A4BB-3709BC048454}.Debug|Any CPU.Build.0 = Debug|Any CPU
		{6DB0686C-3F7A-4156-A4BB-3709BC048454}.Debug|Mixed Platforms.ActiveCfg = Debug|Any CPU
		{6DB0686C-3F7A-4156-A4BB-3709BC048454}.Debug|Mixed Platforms.Build.0 = Debug|Any CPU
		{6DB0686C-3F7A-4156-A4BB-3709BC048454}.Debug|x86.ActiveCfg = Debug|Any CPU
		{6DB0686C-3F7A-4156-A4BB-3709BC048454}.Release|Any CPU.ActiveCfg = Release|Any CPU
		{6DB0686C-3F7A-4156-A4BB-3709BC048454}.Release|Any CPU.Build.0 = Release|Any CPU
		{6DB0686C-3F7A-4156-A4BB-3709BC048454}.Release|Mixed Platforms.ActiveCfg = Release|Any CPU
		{6DB0686C-3F7A-4156-A4BB-3709BC048454}.Release|Mixed Platforms.Build.0 = Release|Any CPU
		{6DB0686C-3F7A-4156-A4BB-3709BC048454}.Release|x86.ActiveCfg = Release|Any CPU
		{A0AE2F11-A543-40A6-89AC-2A8A66515167}.Debug|Any CPU.ActiveCfg = Debug|Any CPU
		{A0AE2F11-A543-40A6-89AC-2A8A66515167}.Debug|Any CPU.Build.0 = Debug|Any CPU
		{A0AE2F11-A543-40A6-89AC-2A8A66515167}.Debug|Mixed Platforms.ActiveCfg = Debug|Any CPU
		{A0AE2F11-A543-40A6-89AC-2A8A66515167}.Debug|Mixed Platforms.Build.0 = Debug|Any CPU
		{A0AE2F11-A543-40A6-89AC-2A8A66515167}.Debug|x86.ActiveCfg = Debug|Any CPU
		{A0AE2F11-A543-40A6-89AC-2A8A66515167}.Release|Any CPU.ActiveCfg = Release|Any CPU
		{A0AE2F11-A543-40A6-89AC-2A8A66515167}.Release|Any CPU.Build.0 = Release|Any CPU
		{A0AE2F11-A543-40A6-89AC-2A8A66515167}.Release|Mixed Platforms.ActiveCfg = Release|Any CPU
		{A0AE2F11-A543-40A6-89AC-2A8A66515167}.Release|Mixed Platforms.Build.0 = Release|Any CPU
		{A0AE2F11-A543-40A6-89AC-2A8A66515167}.Release|x86.ActiveCfg = Release|Any CPU
		{80042A28-0336-4223-9D1B-FA87C3457E13}.Debug|Any CPU.ActiveCfg = Debug|x86
		{80042A28-0336-4223-9D1B-FA87C3457E13}.Debug|Mixed Platforms.ActiveCfg = Debug|x86
		{80042A28-0336-4223-9D1B-FA87C3457E13}.Debug|Mixed Platforms.Build.0 = Debug|x86
		{80042A28-0336-4223-9D1B-FA87C3457E13}.Debug|x86.ActiveCfg = Debug|x86
		{80042A28-0336-4223-9D1B-FA87C3457E13}.Debug|x86.Build.0 = Debug|x86
		{80042A28-0336-4223-9D1B-FA87C3457E13}.Release|Any CPU.ActiveCfg = Release|x86
		{80042A28-0336-4223-9D1B-FA87C3457E13}.Release|Mixed Platforms.ActiveCfg = Release|x86
		{80042A28-0336-4223-9D1B-FA87C3457E13}.Release|Mixed Platforms.Build.0 = Release|x86
		{80042A28-0336-4223-9D1B-FA87C3457E13}.Release|x86.ActiveCfg = Release|x86
		{80042A28-0336-4223-9D1B-FA87C3457E13}.Release|x86.Build.0 = Release|x86
		{BF873565-C1B6-4286-9FA3-FE24A60A695E}.Debug|Any CPU.ActiveCfg = Debug|Any CPU
		{BF873565-C1B6-4286-9FA3-FE24A60A695E}.Debug|Any CPU.Build.0 = Debug|Any CPU
		{BF873565-C1B6-4286-9FA3-FE24A60A695E}.Debug|Mixed Platforms.ActiveCfg = Debug|Any CPU
		{BF873565-C1B6-4286-9FA3-FE24A60A695E}.Debug|Mixed Platforms.Build.0 = Debug|Any CPU
		{BF873565-C1B6-4286-9FA3-FE24A60A695E}.Debug|x86.ActiveCfg = Debug|Any CPU
		{BF873565-C1B6-4286-9FA3-FE24A60A695E}.Release|Any CPU.ActiveCfg = Release|Any CPU
		{BF873565-C1B6-4286-9FA3-FE24A60A695E}.Release|Any CPU.Build.0 = Release|Any CPU
		{BF873565-C1B6-4286-9FA3-FE24A60A695E}.Release|Mixed Platforms.ActiveCfg = Release|Any CPU
		{BF873565-C1B6-4286-9FA3-FE24A60A695E}.Release|Mixed Platforms.Build.0 = Release|Any CPU
		{BF873565-C1B6-4286-9FA3-FE24A60A695E}.Release|x86.ActiveCfg = Release|Any CPU
		{6175F7DC-B6AC-4F6B-9515-31F6BBDA3B75}.Debug|Any CPU.ActiveCfg = Debug|x86
		{6175F7DC-B6AC-4F6B-9515-31F6BBDA3B75}.Debug|Mixed Platforms.ActiveCfg = Debug|x86
		{6175F7DC-B6AC-4F6B-9515-31F6BBDA3B75}.Debug|Mixed Platforms.Build.0 = Debug|x86
		{6175F7DC-B6AC-4F6B-9515-31F6BBDA3B75}.Debug|x86.ActiveCfg = Debug|x86
		{6175F7DC-B6AC-4F6B-9515-31F6BBDA3B75}.Debug|x86.Build.0 = Debug|x86
		{6175F7DC-B6AC-4F6B-9515-31F6BBDA3B75}.Release|Any CPU.ActiveCfg = Release|x86
		{6175F7DC-B6AC-4F6B-9515-31F6BBDA3B75}.Release|Mixed Platforms.ActiveCfg = Release|x86
		{6175F7DC-B6AC-4F6B-9515-31F6BBDA3B75}.Release|Mixed Platforms.Build.0 = Release|x86
		{6175F7DC-B6AC-4F6B-9515-31F6BBDA3B75}.Release|x86.ActiveCfg = Release|x86
		{6175F7DC-B6AC-4F6B-9515-31F6BBDA3B75}.Release|x86.Build.0 = Release|x86
		{2F82A13C-1F9F-400C-B802-7B37AC97115F}.Debug|Any CPU.ActiveCfg = Debug|Any CPU
		{2F82A13C-1F9F-400C-B802-7B37AC97115F}.Debug|Any CPU.Build.0 = Debug|Any CPU
		{2F82A13C-1F9F-400C-B802-7B37AC97115F}.Debug|Mixed Platforms.ActiveCfg = Debug|Any CPU
		{2F82A13C-1F9F-400C-B802-7B37AC97115F}.Debug|Mixed Platforms.Build.0 = Debug|Any CPU
		{2F82A13C-1F9F-400C-B802-7B37AC97115F}.Debug|x86.ActiveCfg = Debug|Any CPU
		{2F82A13C-1F9F-400C-B802-7B37AC97115F}.Release|Any CPU.ActiveCfg = Release|Any CPU
		{2F82A13C-1F9F-400C-B802-7B37AC97115F}.Release|Any CPU.Build.0 = Release|Any CPU
		{2F82A13C-1F9F-400C-B802-7B37AC97115F}.Release|Mixed Platforms.ActiveCfg = Release|Any CPU
		{2F82A13C-1F9F-400C-B802-7B37AC97115F}.Release|Mixed Platforms.Build.0 = Release|Any CPU
		{2F82A13C-1F9F-400C-B802-7B37AC97115F}.Release|x86.ActiveCfg = Release|Any CPU
		{7C455AA8-C576-4286-9DF9-56F55256A8AB}.Debug|Any CPU.ActiveCfg = Debug|x86
		{7C455AA8-C576-4286-9DF9-56F55256A8AB}.Debug|Mixed Platforms.ActiveCfg = Debug|x86
		{7C455AA8-C576-4286-9DF9-56F55256A8AB}.Debug|Mixed Platforms.Build.0 = Debug|x86
		{7C455AA8-C576-4286-9DF9-56F55256A8AB}.Debug|x86.ActiveCfg = Debug|x86
		{7C455AA8-C576-4286-9DF9-56F55256A8AB}.Debug|x86.Build.0 = Debug|x86
		{7C455AA8-C576-4286-9DF9-56F55256A8AB}.Release|Any CPU.ActiveCfg = Release|x86
		{7C455AA8-C576-4286-9DF9-56F55256A8AB}.Release|Mixed Platforms.ActiveCfg = Release|x86
		{7C455AA8-C576-4286-9DF9-56F55256A8AB}.Release|Mixed Platforms.Build.0 = Release|x86
		{7C455AA8-C576-4286-9DF9-56F55256A8AB}.Release|x86.ActiveCfg = Release|x86
		{7C455AA8-C576-4286-9DF9-56F55256A8AB}.Release|x86.Build.0 = Release|x86
		{43C440C6-4A95-4280-BB9A-0E01D663E6EC}.Debug|Any CPU.ActiveCfg = Debug|Any CPU
		{43C440C6-4A95-4280-BB9A-0E01D663E6EC}.Debug|Any CPU.Build.0 = Debug|Any CPU
		{43C440C6-4A95-4280-BB9A-0E01D663E6EC}.Debug|Mixed Platforms.ActiveCfg = Debug|Any CPU
		{43C440C6-4A95-4280-BB9A-0E01D663E6EC}.Debug|Mixed Platforms.Build.0 = Debug|Any CPU
		{43C440C6-4A95-4280-BB9A-0E01D663E6EC}.Debug|x86.ActiveCfg = Debug|Any CPU
		{43C440C6-4A95-4280-BB9A-0E01D663E6EC}.Release|Any CPU.ActiveCfg = Release|Any CPU
		{43C440C6-4A95-4280-BB9A-0E01D663E6EC}.Release|Any CPU.Build.0 = Release|Any CPU
		{43C440C6-4A95-4280-BB9A-0E01D663E6EC}.Release|Mixed Platforms.ActiveCfg = Release|Any CPU
		{43C440C6-4A95-4280-BB9A-0E01D663E6EC}.Release|Mixed Platforms.Build.0 = Release|Any CPU
		{43C440C6-4A95-4280-BB9A-0E01D663E6EC}.Release|x86.ActiveCfg = Release|Any CPU
		{C305E599-C653-4830-BE3C-3E73A1035646}.Debug|Any CPU.ActiveCfg = Debug|x86
		{C305E599-C653-4830-BE3C-3E73A1035646}.Debug|Mixed Platforms.ActiveCfg = Debug|x86
		{C305E599-C653-4830-BE3C-3E73A1035646}.Debug|Mixed Platforms.Build.0 = Debug|x86
		{C305E599-C653-4830-BE3C-3E73A1035646}.Debug|x86.ActiveCfg = Debug|x86
		{C305E599-C653-4830-BE3C-3E73A1035646}.Debug|x86.Build.0 = Debug|x86
		{C305E599-C653-4830-BE3C-3E73A1035646}.Release|Any CPU.ActiveCfg = Release|x86
		{C305E599-C653-4830-BE3C-3E73A1035646}.Release|Mixed Platforms.ActiveCfg = Release|x86
		{C305E599-C653-4830-BE3C-3E73A1035646}.Release|Mixed Platforms.Build.0 = Release|x86
		{C305E599-C653-4830-BE3C-3E73A1035646}.Release|x86.ActiveCfg = Release|x86
		{C305E599-C653-4830-BE3C-3E73A1035646}.Release|x86.Build.0 = Release|x86
		{1E668793-1DEA-4F66-B583-7C39FC670219}.Debug|Any CPU.ActiveCfg = Debug|Any CPU
		{1E668793-1DEA-4F66-B583-7C39FC670219}.Debug|Any CPU.Build.0 = Debug|Any CPU
		{1E668793-1DEA-4F66-B583-7C39FC670219}.Debug|Mixed Platforms.ActiveCfg = Debug|Any CPU
		{1E668793-1DEA-4F66-B583-7C39FC670219}.Debug|Mixed Platforms.Build.0 = Debug|Any CPU
		{1E668793-1DEA-4F66-B583-7C39FC670219}.Debug|x86.ActiveCfg = Debug|Any CPU
		{1E668793-1DEA-4F66-B583-7C39FC670219}.Release|Any CPU.ActiveCfg = Release|Any CPU
		{1E668793-1DEA-4F66-B583-7C39FC670219}.Release|Any CPU.Build.0 = Release|Any CPU
		{1E668793-1DEA-4F66-B583-7C39FC670219}.Release|Mixed Platforms.ActiveCfg = Release|Any CPU
		{1E668793-1DEA-4F66-B583-7C39FC670219}.Release|Mixed Platforms.Build.0 = Release|Any CPU
		{1E668793-1DEA-4F66-B583-7C39FC670219}.Release|x86.ActiveCfg = Release|Any CPU
		{EEB4D6DB-C5A4-4400-B31A-2D4950FADF56}.Debug|Any CPU.ActiveCfg = Debug|x86
		{EEB4D6DB-C5A4-4400-B31A-2D4950FADF56}.Debug|Mixed Platforms.ActiveCfg = Debug|x86
		{EEB4D6DB-C5A4-4400-B31A-2D4950FADF56}.Debug|Mixed Platforms.Build.0 = Debug|x86
		{EEB4D6DB-C5A4-4400-B31A-2D4950FADF56}.Debug|x86.ActiveCfg = Debug|x86
		{EEB4D6DB-C5A4-4400-B31A-2D4950FADF56}.Debug|x86.Build.0 = Debug|x86
		{EEB4D6DB-C5A4-4400-B31A-2D4950FADF56}.Release|Any CPU.ActiveCfg = Release|x86
		{EEB4D6DB-C5A4-4400-B31A-2D4950FADF56}.Release|Mixed Platforms.ActiveCfg = Release|x86
		{EEB4D6DB-C5A4-4400-B31A-2D4950FADF56}.Release|Mixed Platforms.Build.0 = Release|x86
		{EEB4D6DB-C5A4-4400-B31A-2D4950FADF56}.Release|x86.ActiveCfg = Release|x86
		{EEB4D6DB-C5A4-4400-B31A-2D4950FADF56}.Release|x86.Build.0 = Release|x86
		{E11F58D5-0B0E-4615-B159-5FA20FC586CC}.Debug|Any CPU.ActiveCfg = Debug|Any CPU
		{E11F58D5-0B0E-4615-B159-5FA20FC586CC}.Debug|Any CPU.Build.0 = Debug|Any CPU
		{E11F58D5-0B0E-4615-B159-5FA20FC586CC}.Debug|Mixed Platforms.ActiveCfg = Debug|Any CPU
		{E11F58D5-0B0E-4615-B159-5FA20FC586CC}.Debug|Mixed Platforms.Build.0 = Debug|Any CPU
		{E11F58D5-0B0E-4615-B159-5FA20FC586CC}.Debug|x86.ActiveCfg = Debug|Any CPU
		{E11F58D5-0B0E-4615-B159-5FA20FC586CC}.Release|Any CPU.ActiveCfg = Release|Any CPU
		{E11F58D5-0B0E-4615-B159-5FA20FC586CC}.Release|Any CPU.Build.0 = Release|Any CPU
		{E11F58D5-0B0E-4615-B159-5FA20FC586CC}.Release|Mixed Platforms.ActiveCfg = Release|Any CPU
		{E11F58D5-0B0E-4615-B159-5FA20FC586CC}.Release|Mixed Platforms.Build.0 = Release|Any CPU
		{E11F58D5-0B0E-4615-B159-5FA20FC586CC}.Release|x86.ActiveCfg = Release|Any CPU
		{D289921A-CB04-42F7-B52F-411913A5FF7E}.Debug|Any CPU.ActiveCfg = Debug|x86
		{D289921A-CB04-42F7-B52F-411913A5FF7E}.Debug|Mixed Platforms.ActiveCfg = Debug|x86
		{D289921A-CB04-42F7-B52F-411913A5FF7E}.Debug|Mixed Platforms.Build.0 = Debug|x86
		{D289921A-CB04-42F7-B52F-411913A5FF7E}.Debug|x86.ActiveCfg = Debug|x86
		{D289921A-CB04-42F7-B52F-411913A5FF7E}.Debug|x86.Build.0 = Debug|x86
		{D289921A-CB04-42F7-B52F-411913A5FF7E}.Release|Any CPU.ActiveCfg = Release|x86
		{D289921A-CB04-42F7-B52F-411913A5FF7E}.Release|Mixed Platforms.ActiveCfg = Release|x86
		{D289921A-CB04-42F7-B52F-411913A5FF7E}.Release|Mixed Platforms.Build.0 = Release|x86
		{D289921A-CB04-42F7-B52F-411913A5FF7E}.Release|x86.ActiveCfg = Release|x86
		{D289921A-CB04-42F7-B52F-411913A5FF7E}.Release|x86.Build.0 = Release|x86
		{67AC8EEC-DC70-4201-BC8B-6220EAE15EA7}.Debug|Any CPU.ActiveCfg = Debug|Any CPU
		{67AC8EEC-DC70-4201-BC8B-6220EAE15EA7}.Debug|Any CPU.Build.0 = Debug|Any CPU
		{67AC8EEC-DC70-4201-BC8B-6220EAE15EA7}.Debug|Mixed Platforms.ActiveCfg = Debug|Any CPU
		{67AC8EEC-DC70-4201-BC8B-6220EAE15EA7}.Debug|Mixed Platforms.Build.0 = Debug|Any CPU
		{67AC8EEC-DC70-4201-BC8B-6220EAE15EA7}.Debug|x86.ActiveCfg = Debug|Any CPU
		{67AC8EEC-DC70-4201-BC8B-6220EAE15EA7}.Release|Any CPU.ActiveCfg = Release|Any CPU
		{67AC8EEC-DC70-4201-BC8B-6220EAE15EA7}.Release|Any CPU.Build.0 = Release|Any CPU
		{67AC8EEC-DC70-4201-BC8B-6220EAE15EA7}.Release|Mixed Platforms.ActiveCfg = Release|Any CPU
		{67AC8EEC-DC70-4201-BC8B-6220EAE15EA7}.Release|Mixed Platforms.Build.0 = Release|Any CPU
		{67AC8EEC-DC70-4201-BC8B-6220EAE15EA7}.Release|x86.ActiveCfg = Release|Any CPU
		{CB8E8B22-E76E-4A5B-98B9-6F132CB6ABDC}.Debug|Any CPU.ActiveCfg = Debug|x86
		{CB8E8B22-E76E-4A5B-98B9-6F132CB6ABDC}.Debug|Mixed Platforms.ActiveCfg = Debug|x86
		{CB8E8B22-E76E-4A5B-98B9-6F132CB6ABDC}.Debug|Mixed Platforms.Build.0 = Debug|x86
		{CB8E8B22-E76E-4A5B-98B9-6F132CB6ABDC}.Debug|x86.ActiveCfg = Debug|x86
		{CB8E8B22-E76E-4A5B-98B9-6F132CB6ABDC}.Debug|x86.Build.0 = Debug|x86
		{CB8E8B22-E76E-4A5B-98B9-6F132CB6ABDC}.Release|Any CPU.ActiveCfg = Release|x86
		{CB8E8B22-E76E-4A5B-98B9-6F132CB6ABDC}.Release|Mixed Platforms.ActiveCfg = Release|x86
		{CB8E8B22-E76E-4A5B-98B9-6F132CB6ABDC}.Release|Mixed Platforms.Build.0 = Release|x86
		{CB8E8B22-E76E-4A5B-98B9-6F132CB6ABDC}.Release|x86.ActiveCfg = Release|x86
		{CB8E8B22-E76E-4A5B-98B9-6F132CB6ABDC}.Release|x86.Build.0 = Release|x86
		{C936E8BE-E44D-4C8D-AC8A-A091C796D139}.Debug|Any CPU.ActiveCfg = Debug|Any CPU
		{C936E8BE-E44D-4C8D-AC8A-A091C796D139}.Debug|Any CPU.Build.0 = Debug|Any CPU
		{C936E8BE-E44D-4C8D-AC8A-A091C796D139}.Debug|Mixed Platforms.ActiveCfg = Debug|Any CPU
		{C936E8BE-E44D-4C8D-AC8A-A091C796D139}.Debug|Mixed Platforms.Build.0 = Debug|Any CPU
		{C936E8BE-E44D-4C8D-AC8A-A091C796D139}.Debug|x86.ActiveCfg = Debug|Any CPU
		{C936E8BE-E44D-4C8D-AC8A-A091C796D139}.Release|Any CPU.ActiveCfg = Release|Any CPU
		{C936E8BE-E44D-4C8D-AC8A-A091C796D139}.Release|Any CPU.Build.0 = Release|Any CPU
		{C936E8BE-E44D-4C8D-AC8A-A091C796D139}.Release|Mixed Platforms.ActiveCfg = Release|Any CPU
		{C936E8BE-E44D-4C8D-AC8A-A091C796D139}.Release|Mixed Platforms.Build.0 = Release|Any CPU
		{C936E8BE-E44D-4C8D-AC8A-A091C796D139}.Release|x86.ActiveCfg = Release|Any CPU
		{755D5400-B94F-4B50-8BCE-0E8C179D90CF}.Debug|Any CPU.ActiveCfg = Debug|x86
		{755D5400-B94F-4B50-8BCE-0E8C179D90CF}.Debug|Mixed Platforms.ActiveCfg = Debug|x86
		{755D5400-B94F-4B50-8BCE-0E8C179D90CF}.Debug|Mixed Platforms.Build.0 = Debug|x86
		{755D5400-B94F-4B50-8BCE-0E8C179D90CF}.Debug|x86.ActiveCfg = Debug|x86
		{755D5400-B94F-4B50-8BCE-0E8C179D90CF}.Debug|x86.Build.0 = Debug|x86
		{755D5400-B94F-4B50-8BCE-0E8C179D90CF}.Release|Any CPU.ActiveCfg = Release|x86
		{755D5400-B94F-4B50-8BCE-0E8C179D90CF}.Release|Mixed Platforms.ActiveCfg = Release|x86
		{755D5400-B94F-4B50-8BCE-0E8C179D90CF}.Release|Mixed Platforms.Build.0 = Release|x86
		{755D5400-B94F-4B50-8BCE-0E8C179D90CF}.Release|x86.ActiveCfg = Release|x86
		{755D5400-B94F-4B50-8BCE-0E8C179D90CF}.Release|x86.Build.0 = Release|x86
		{C37CE387-E513-478D-837C-F104C6A785A6}.Debug|Any CPU.ActiveCfg = Debug|Any CPU
		{C37CE387-E513-478D-837C-F104C6A785A6}.Debug|Any CPU.Build.0 = Debug|Any CPU
		{C37CE387-E513-478D-837C-F104C6A785A6}.Debug|Mixed Platforms.ActiveCfg = Debug|Any CPU
		{C37CE387-E513-478D-837C-F104C6A785A6}.Debug|Mixed Platforms.Build.0 = Debug|Any CPU
		{C37CE387-E513-478D-837C-F104C6A785A6}.Debug|x86.ActiveCfg = Debug|Any CPU
		{C37CE387-E513-478D-837C-F104C6A785A6}.Release|Any CPU.ActiveCfg = Release|Any CPU
		{C37CE387-E513-478D-837C-F104C6A785A6}.Release|Any CPU.Build.0 = Release|Any CPU
		{C37CE387-E513-478D-837C-F104C6A785A6}.Release|Mixed Platforms.ActiveCfg = Release|Any CPU
		{C37CE387-E513-478D-837C-F104C6A785A6}.Release|Mixed Platforms.Build.0 = Release|Any CPU
		{C37CE387-E513-478D-837C-F104C6A785A6}.Release|x86.ActiveCfg = Release|Any CPU
		{81860C39-5D41-4339-A498-51B1C67102B1}.Debug|Any CPU.ActiveCfg = Debug|x86
		{81860C39-5D41-4339-A498-51B1C67102B1}.Debug|Mixed Platforms.ActiveCfg = Debug|x86
		{81860C39-5D41-4339-A498-51B1C67102B1}.Debug|Mixed Platforms.Build.0 = Debug|x86
		{81860C39-5D41-4339-A498-51B1C67102B1}.Debug|x86.ActiveCfg = Debug|x86
		{81860C39-5D41-4339-A498-51B1C67102B1}.Debug|x86.Build.0 = Debug|x86
		{81860C39-5D41-4339-A498-51B1C67102B1}.Release|Any CPU.ActiveCfg = Release|x86
		{81860C39-5D41-4339-A498-51B1C67102B1}.Release|Mixed Platforms.ActiveCfg = Release|x86
		{81860C39-5D41-4339-A498-51B1C67102B1}.Release|Mixed Platforms.Build.0 = Release|x86
		{81860C39-5D41-4339-A498-51B1C67102B1}.Release|x86.ActiveCfg = Release|x86
		{81860C39-5D41-4339-A498-51B1C67102B1}.Release|x86.Build.0 = Release|x86
		{D5482F9F-4C3C-49F2-AB94-6E9222D06106}.Debug|Any CPU.ActiveCfg = Debug|Any CPU
		{D5482F9F-4C3C-49F2-AB94-6E9222D06106}.Debug|Any CPU.Build.0 = Debug|Any CPU
		{D5482F9F-4C3C-49F2-AB94-6E9222D06106}.Debug|Mixed Platforms.ActiveCfg = Debug|Any CPU
		{D5482F9F-4C3C-49F2-AB94-6E9222D06106}.Debug|Mixed Platforms.Build.0 = Debug|Any CPU
		{D5482F9F-4C3C-49F2-AB94-6E9222D06106}.Debug|x86.ActiveCfg = Debug|Any CPU
		{D5482F9F-4C3C-49F2-AB94-6E9222D06106}.Release|Any CPU.ActiveCfg = Release|Any CPU
		{D5482F9F-4C3C-49F2-AB94-6E9222D06106}.Release|Any CPU.Build.0 = Release|Any CPU
		{D5482F9F-4C3C-49F2-AB94-6E9222D06106}.Release|Mixed Platforms.ActiveCfg = Release|Any CPU
		{D5482F9F-4C3C-49F2-AB94-6E9222D06106}.Release|Mixed Platforms.Build.0 = Release|Any CPU
		{D5482F9F-4C3C-49F2-AB94-6E9222D06106}.Release|x86.ActiveCfg = Release|Any CPU
		{FF745BC8-ED08-4375-9DAB-ED8C2E8CDAF5}.Debug|Any CPU.ActiveCfg = Debug|x86
		{FF745BC8-ED08-4375-9DAB-ED8C2E8CDAF5}.Debug|Mixed Platforms.ActiveCfg = Debug|x86
		{FF745BC8-ED08-4375-9DAB-ED8C2E8CDAF5}.Debug|Mixed Platforms.Build.0 = Debug|x86
		{FF745BC8-ED08-4375-9DAB-ED8C2E8CDAF5}.Debug|x86.ActiveCfg = Debug|x86
		{FF745BC8-ED08-4375-9DAB-ED8C2E8CDAF5}.Debug|x86.Build.0 = Debug|x86
		{FF745BC8-ED08-4375-9DAB-ED8C2E8CDAF5}.Release|Any CPU.ActiveCfg = Release|x86
		{FF745BC8-ED08-4375-9DAB-ED8C2E8CDAF5}.Release|Mixed Platforms.ActiveCfg = Release|x86
		{FF745BC8-ED08-4375-9DAB-ED8C2E8CDAF5}.Release|Mixed Platforms.Build.0 = Release|x86
		{FF745BC8-ED08-4375-9DAB-ED8C2E8CDAF5}.Release|x86.ActiveCfg = Release|x86
		{FF745BC8-ED08-4375-9DAB-ED8C2E8CDAF5}.Release|x86.Build.0 = Release|x86
		{D9150473-C5EC-43FE-9CAD-14E401E6A01B}.Debug|Any CPU.ActiveCfg = Debug|x86
		{D9150473-C5EC-43FE-9CAD-14E401E6A01B}.Debug|Mixed Platforms.ActiveCfg = Debug|x86
		{D9150473-C5EC-43FE-9CAD-14E401E6A01B}.Debug|Mixed Platforms.Build.0 = Debug|x86
		{D9150473-C5EC-43FE-9CAD-14E401E6A01B}.Debug|x86.ActiveCfg = Debug|x86
		{D9150473-C5EC-43FE-9CAD-14E401E6A01B}.Debug|x86.Build.0 = Debug|x86
		{D9150473-C5EC-43FE-9CAD-14E401E6A01B}.Release|Any CPU.ActiveCfg = Release|x86
		{D9150473-C5EC-43FE-9CAD-14E401E6A01B}.Release|Mixed Platforms.ActiveCfg = Release|x86
		{D9150473-C5EC-43FE-9CAD-14E401E6A01B}.Release|Mixed Platforms.Build.0 = Release|x86
		{D9150473-C5EC-43FE-9CAD-14E401E6A01B}.Release|x86.ActiveCfg = Release|x86
		{D9150473-C5EC-43FE-9CAD-14E401E6A01B}.Release|x86.Build.0 = Release|x86
		{68BAA918-48B3-489F-BECC-1342D4217F1E}.Debug|Any CPU.ActiveCfg = Debug|Win32
		{68BAA918-48B3-489F-BECC-1342D4217F1E}.Debug|Mixed Platforms.ActiveCfg = Debug|Win32
		{68BAA918-48B3-489F-BECC-1342D4217F1E}.Debug|Mixed Platforms.Build.0 = Debug|Win32
		{68BAA918-48B3-489F-BECC-1342D4217F1E}.Debug|x86.ActiveCfg = Debug|Win32
		{68BAA918-48B3-489F-BECC-1342D4217F1E}.Debug|x86.Build.0 = Debug|Win32
		{68BAA918-48B3-489F-BECC-1342D4217F1E}.Release|Any CPU.ActiveCfg = Release|Win32
		{68BAA918-48B3-489F-BECC-1342D4217F1E}.Release|Mixed Platforms.ActiveCfg = Release|Win32
		{68BAA918-48B3-489F-BECC-1342D4217F1E}.Release|Mixed Platforms.Build.0 = Release|Win32
		{68BAA918-48B3-489F-BECC-1342D4217F1E}.Release|x86.ActiveCfg = Release|Win32
		{68BAA918-48B3-489F-BECC-1342D4217F1E}.Release|x86.Build.0 = Release|Win32
		{65775615-5BB2-4D55-8EC3-D09563A191D2}.Debug|Any CPU.ActiveCfg = Debug|Win32
		{65775615-5BB2-4D55-8EC3-D09563A191D2}.Debug|Mixed Platforms.ActiveCfg = Debug|Win32
		{65775615-5BB2-4D55-8EC3-D09563A191D2}.Debug|Mixed Platforms.Build.0 = Debug|Win32
		{65775615-5BB2-4D55-8EC3-D09563A191D2}.Debug|x86.ActiveCfg = Debug|Win32
		{65775615-5BB2-4D55-8EC3-D09563A191D2}.Debug|x86.Build.0 = Debug|Win32
		{65775615-5BB2-4D55-8EC3-D09563A191D2}.Release|Any CPU.ActiveCfg = Release|Win32
		{65775615-5BB2-4D55-8EC3-D09563A191D2}.Release|Mixed Platforms.ActiveCfg = Release|Win32
		{65775615-5BB2-4D55-8EC3-D09563A191D2}.Release|Mixed Platforms.Build.0 = Release|Win32
		{65775615-5BB2-4D55-8EC3-D09563A191D2}.Release|x86.ActiveCfg = Release|Win32
		{65775615-5BB2-4D55-8EC3-D09563A191D2}.Release|x86.Build.0 = Release|Win32
		{B17CCE05-B8C7-4307-8599-37918F01B9FE}.Debug|Any CPU.ActiveCfg = Debug|Any CPU
		{B17CCE05-B8C7-4307-8599-37918F01B9FE}.Debug|Any CPU.Build.0 = Debug|Any CPU
		{B17CCE05-B8C7-4307-8599-37918F01B9FE}.Debug|Mixed Platforms.ActiveCfg = Debug|Any CPU
		{B17CCE05-B8C7-4307-8599-37918F01B9FE}.Debug|Mixed Platforms.Build.0 = Debug|Any CPU
		{B17CCE05-B8C7-4307-8599-37918F01B9FE}.Debug|x86.ActiveCfg = Debug|Any CPU
		{B17CCE05-B8C7-4307-8599-37918F01B9FE}.Release|Any CPU.ActiveCfg = Release|Any CPU
		{B17CCE05-B8C7-4307-8599-37918F01B9FE}.Release|Any CPU.Build.0 = Release|Any CPU
		{B17CCE05-B8C7-4307-8599-37918F01B9FE}.Release|Mixed Platforms.ActiveCfg = Release|Any CPU
		{B17CCE05-B8C7-4307-8599-37918F01B9FE}.Release|Mixed Platforms.Build.0 = Release|Any CPU
		{B17CCE05-B8C7-4307-8599-37918F01B9FE}.Release|x86.ActiveCfg = Release|Any CPU
		{8DB4DDF5-3567-4EE9-A0E1-DA8A8E371A07}.Debug|Any CPU.ActiveCfg = Debug|x86
		{8DB4DDF5-3567-4EE9-A0E1-DA8A8E371A07}.Debug|Mixed Platforms.ActiveCfg = Debug|x86
		{8DB4DDF5-3567-4EE9-A0E1-DA8A8E371A07}.Debug|Mixed Platforms.Build.0 = Debug|x86
		{8DB4DDF5-3567-4EE9-A0E1-DA8A8E371A07}.Debug|x86.ActiveCfg = Debug|x86
		{8DB4DDF5-3567-4EE9-A0E1-DA8A8E371A07}.Debug|x86.Build.0 = Debug|x86
		{8DB4DDF5-3567-4EE9-A0E1-DA8A8E371A07}.Release|Any CPU.ActiveCfg = Release|x86
		{8DB4DDF5-3567-4EE9-A0E1-DA8A8E371A07}.Release|Mixed Platforms.ActiveCfg = Release|x86
		{8DB4DDF5-3567-4EE9-A0E1-DA8A8E371A07}.Release|Mixed Platforms.Build.0 = Release|x86
		{8DB4DDF5-3567-4EE9-A0E1-DA8A8E371A07}.Release|x86.ActiveCfg = Release|x86
		{8DB4DDF5-3567-4EE9-A0E1-DA8A8E371A07}.Release|x86.Build.0 = Release|x86
		{0BF9A6BF-6B38-45F6-AA52-DAD69A0162D1}.Debug|Any CPU.ActiveCfg = Debug|Any CPU
		{0BF9A6BF-6B38-45F6-AA52-DAD69A0162D1}.Debug|Any CPU.Build.0 = Debug|Any CPU
		{0BF9A6BF-6B38-45F6-AA52-DAD69A0162D1}.Debug|Mixed Platforms.ActiveCfg = Debug|Any CPU
		{0BF9A6BF-6B38-45F6-AA52-DAD69A0162D1}.Debug|Mixed Platforms.Build.0 = Debug|Any CPU
		{0BF9A6BF-6B38-45F6-AA52-DAD69A0162D1}.Debug|x86.ActiveCfg = Debug|Any CPU
		{0BF9A6BF-6B38-45F6-AA52-DAD69A0162D1}.Release|Any CPU.ActiveCfg = Release|Any CPU
		{0BF9A6BF-6B38-45F6-AA52-DAD69A0162D1}.Release|Any CPU.Build.0 = Release|Any CPU
		{0BF9A6BF-6B38-45F6-AA52-DAD69A0162D1}.Release|Mixed Platforms.ActiveCfg = Release|Any CPU
		{0BF9A6BF-6B38-45F6-AA52-DAD69A0162D1}.Release|Mixed Platforms.Build.0 = Release|Any CPU
		{0BF9A6BF-6B38-45F6-AA52-DAD69A0162D1}.Release|x86.ActiveCfg = Release|Any CPU
		{CCD4900C-5EB1-45C2-B4E1-DE40F0FA6C96}.Debug|Any CPU.ActiveCfg = Debug|x86
		{CCD4900C-5EB1-45C2-B4E1-DE40F0FA6C96}.Debug|Mixed Platforms.ActiveCfg = Debug|x86
		{CCD4900C-5EB1-45C2-B4E1-DE40F0FA6C96}.Debug|Mixed Platforms.Build.0 = Debug|x86
		{CCD4900C-5EB1-45C2-B4E1-DE40F0FA6C96}.Debug|x86.ActiveCfg = Debug|x86
		{CCD4900C-5EB1-45C2-B4E1-DE40F0FA6C96}.Debug|x86.Build.0 = Debug|x86
		{CCD4900C-5EB1-45C2-B4E1-DE40F0FA6C96}.Release|Any CPU.ActiveCfg = Release|x86
		{CCD4900C-5EB1-45C2-B4E1-DE40F0FA6C96}.Release|Mixed Platforms.ActiveCfg = Release|x86
		{CCD4900C-5EB1-45C2-B4E1-DE40F0FA6C96}.Release|Mixed Platforms.Build.0 = Release|x86
		{CCD4900C-5EB1-45C2-B4E1-DE40F0FA6C96}.Release|x86.ActiveCfg = Release|x86
		{CCD4900C-5EB1-45C2-B4E1-DE40F0FA6C96}.Release|x86.Build.0 = Release|x86
		{33E27982-DE2E-4AF8-88EB-3D5ECEF6638D}.Debug|Any CPU.ActiveCfg = Debug|Any CPU
		{33E27982-DE2E-4AF8-88EB-3D5ECEF6638D}.Debug|Any CPU.Build.0 = Debug|Any CPU
		{33E27982-DE2E-4AF8-88EB-3D5ECEF6638D}.Debug|Mixed Platforms.ActiveCfg = Debug|Any CPU
		{33E27982-DE2E-4AF8-88EB-3D5ECEF6638D}.Debug|Mixed Platforms.Build.0 = Debug|Any CPU
		{33E27982-DE2E-4AF8-88EB-3D5ECEF6638D}.Debug|x86.ActiveCfg = Debug|Any CPU
		{33E27982-DE2E-4AF8-88EB-3D5ECEF6638D}.Release|Any CPU.ActiveCfg = Release|Any CPU
		{33E27982-DE2E-4AF8-88EB-3D5ECEF6638D}.Release|Any CPU.Build.0 = Release|Any CPU
		{33E27982-DE2E-4AF8-88EB-3D5ECEF6638D}.Release|Mixed Platforms.ActiveCfg = Release|Any CPU
		{33E27982-DE2E-4AF8-88EB-3D5ECEF6638D}.Release|Mixed Platforms.Build.0 = Release|Any CPU
		{33E27982-DE2E-4AF8-88EB-3D5ECEF6638D}.Release|x86.ActiveCfg = Release|Any CPU
		{5DBE9D0F-942D-458E-B4DA-1B5A57E60DB4}.Debug|Any CPU.ActiveCfg = Debug|x86
		{5DBE9D0F-942D-458E-B4DA-1B5A57E60DB4}.Debug|Mixed Platforms.ActiveCfg = Debug|x86
		{5DBE9D0F-942D-458E-B4DA-1B5A57E60DB4}.Debug|Mixed Platforms.Build.0 = Debug|x86
		{5DBE9D0F-942D-458E-B4DA-1B5A57E60DB4}.Debug|x86.ActiveCfg = Debug|x86
		{5DBE9D0F-942D-458E-B4DA-1B5A57E60DB4}.Debug|x86.Build.0 = Debug|x86
		{5DBE9D0F-942D-458E-B4DA-1B5A57E60DB4}.Release|Any CPU.ActiveCfg = Release|x86
		{5DBE9D0F-942D-458E-B4DA-1B5A57E60DB4}.Release|Mixed Platforms.ActiveCfg = Release|x86
		{5DBE9D0F-942D-458E-B4DA-1B5A57E60DB4}.Release|Mixed Platforms.Build.0 = Release|x86
		{5DBE9D0F-942D-458E-B4DA-1B5A57E60DB4}.Release|x86.ActiveCfg = Release|x86
		{5DBE9D0F-942D-458E-B4DA-1B5A57E60DB4}.Release|x86.Build.0 = Release|x86
		{59C4185D-D82D-4643-A60F-AF11B3E3F9A2}.Debug|Any CPU.ActiveCfg = Debug|Any CPU
		{59C4185D-D82D-4643-A60F-AF11B3E3F9A2}.Debug|Any CPU.Build.0 = Debug|Any CPU
		{59C4185D-D82D-4643-A60F-AF11B3E3F9A2}.Debug|Mixed Platforms.ActiveCfg = Debug|Any CPU
		{59C4185D-D82D-4643-A60F-AF11B3E3F9A2}.Debug|Mixed Platforms.Build.0 = Debug|Any CPU
		{59C4185D-D82D-4643-A60F-AF11B3E3F9A2}.Debug|x86.ActiveCfg = Debug|Any CPU
		{59C4185D-D82D-4643-A60F-AF11B3E3F9A2}.Release|Any CPU.ActiveCfg = Release|Any CPU
		{59C4185D-D82D-4643-A60F-AF11B3E3F9A2}.Release|Any CPU.Build.0 = Release|Any CPU
		{59C4185D-D82D-4643-A60F-AF11B3E3F9A2}.Release|Mixed Platforms.ActiveCfg = Release|Any CPU
		{59C4185D-D82D-4643-A60F-AF11B3E3F9A2}.Release|Mixed Platforms.Build.0 = Release|Any CPU
		{59C4185D-D82D-4643-A60F-AF11B3E3F9A2}.Release|x86.ActiveCfg = Release|Any CPU
		{2DE9589A-AEDB-4964-8877-C18D11F8D9F5}.Debug|Any CPU.ActiveCfg = Debug|x86
		{2DE9589A-AEDB-4964-8877-C18D11F8D9F5}.Debug|Mixed Platforms.ActiveCfg = Debug|x86
		{2DE9589A-AEDB-4964-8877-C18D11F8D9F5}.Debug|Mixed Platforms.Build.0 = Debug|x86
		{2DE9589A-AEDB-4964-8877-C18D11F8D9F5}.Debug|x86.ActiveCfg = Debug|x86
		{2DE9589A-AEDB-4964-8877-C18D11F8D9F5}.Debug|x86.Build.0 = Debug|x86
		{2DE9589A-AEDB-4964-8877-C18D11F8D9F5}.Release|Any CPU.ActiveCfg = Release|x86
		{2DE9589A-AEDB-4964-8877-C18D11F8D9F5}.Release|Mixed Platforms.ActiveCfg = Release|x86
		{2DE9589A-AEDB-4964-8877-C18D11F8D9F5}.Release|Mixed Platforms.Build.0 = Release|x86
		{2DE9589A-AEDB-4964-8877-C18D11F8D9F5}.Release|x86.ActiveCfg = Release|x86
		{2DE9589A-AEDB-4964-8877-C18D11F8D9F5}.Release|x86.Build.0 = Release|x86
	EndGlobalSection
	GlobalSection(SolutionProperties) = preSolution
		HideSolutionNode = FALSE
	EndGlobalSection
	GlobalSection(NestedProjects) = preSolution
		{75BA0099-4AD5-4A8E-8CA4-4ECB842E169C} = {7FC0C73A-69E2-41C9-8F63-555EF099A6BB}
		{77D938DF-D463-407F-8CDE-3A69EFF4D8AF} = {7FC0C73A-69E2-41C9-8F63-555EF099A6BB}
		{12ADF054-6063-4572-B877-5CDCD4258C33} = {7FC0C73A-69E2-41C9-8F63-555EF099A6BB}
		{BC621A93-A852-42B2-BAC9-4F10F09F9E79} = {7FC0C73A-69E2-41C9-8F63-555EF099A6BB}
		{9FBE1CF4-D567-4D69-B5F9-83FB90296E01} = {7FC0C73A-69E2-41C9-8F63-555EF099A6BB}
		{3FF82557-B745-4C8A-B691-D1323C08EA12} = {536974FD-744E-4207-88B5-6FC7AF4636D2}
		{62982EEE-F755-4CFC-A8CF-70E83A61A729} = {536974FD-744E-4207-88B5-6FC7AF4636D2}
		{3FDD2446-7BA1-437E-AAA5-7DDFAAAB37E5} = {536974FD-744E-4207-88B5-6FC7AF4636D2}
		{2F69C3FB-4DD5-440F-B96E-42BEBFBE8011} = {1D13FA27-EBCC-401B-B593-8065FB864823}
		{2E54B75A-153B-46A6-B85B-70CADF820627} = {1D13FA27-EBCC-401B-B593-8065FB864823}
		{9B2E6C9F-9B68-477D-8643-ED76CCB021BA} = {1D13FA27-EBCC-401B-B593-8065FB864823}
		{B339B248-659F-4780-9185-3D06450EBD6D} = {05AC2C17-45B2-4D35-AB65-5F5C8214ECDB}
		{64945790-3C3B-4C88-81AF-EDD31CD3BA1C} = {05AC2C17-45B2-4D35-AB65-5F5C8214ECDB}
		{E4A7A762-8703-4C4D-A609-3915B0A1DFE4} = {19CB0216-94B5-4586-96BD-E4D386E70E71}
		{623A4BDD-BC7A-468F-A159-5E4B4E87CEDA} = {19CB0216-94B5-4586-96BD-E4D386E70E71}
		{87CEC1D6-951E-465B-BA2B-17EFB4E30D7C} = {19CB0216-94B5-4586-96BD-E4D386E70E71}
		{E1E60988-E5B5-4C51-B3AB-170023811015} = {F29E4E8A-DA8B-4A68-848C-1CC14A138A83}
		{8F777EF9-72C8-4911-83A3-B0105D70C7E9} = {F29E4E8A-DA8B-4A68-848C-1CC14A138A83}
		{5F8A2D42-1604-45C4-B21B-38B9B54F0B71} = {F29E4E8A-DA8B-4A68-848C-1CC14A138A83}
		{09E516DD-C29C-4FEA-8B13-DB51681CA2C8} = {CC4F09AA-5D16-46B2-95EB-5FFE80181941}
		{5C8C1AC3-CEAF-4224-AB93-F3F57FD03ADF} = {CC4F09AA-5D16-46B2-95EB-5FFE80181941}
		{8B2D7550-9E2E-4309-A57E-63F406F8E309} = {CC4F09AA-5D16-46B2-95EB-5FFE80181941}
		{9CCB0F7A-1475-4C1B-B8FB-6D9C52CBAE6A} = {834D4327-A148-4147-B149-A445BCD87917}
		{82DBA9A9-38CA-410A-AA35-E06F75881844} = {834D4327-A148-4147-B149-A445BCD87917}
		{ED79316E-7447-42A5-A9A1-CFDFD1C5C734} = {834D4327-A148-4147-B149-A445BCD87917}
		{6DB0686C-3F7A-4156-A4BB-3709BC048454} = {7BDD054A-2E01-4F39-9077-EB3DA74BB949}
		{A0AE2F11-A543-40A6-89AC-2A8A66515167} = {7BDD054A-2E01-4F39-9077-EB3DA74BB949}
		{80042A28-0336-4223-9D1B-FA87C3457E13} = {7BDD054A-2E01-4F39-9077-EB3DA74BB949}
		{BF873565-C1B6-4286-9FA3-FE24A60A695E} = {7A56097E-8941-4428-A0C5-6075998BB076}
		{6175F7DC-B6AC-4F6B-9515-31F6BBDA3B75} = {7A56097E-8941-4428-A0C5-6075998BB076}
		{2F82A13C-1F9F-400C-B802-7B37AC97115F} = {32CA7886-F6E7-46A6-B955-AEF65B5B1C33}
		{7C455AA8-C576-4286-9DF9-56F55256A8AB} = {32CA7886-F6E7-46A6-B955-AEF65B5B1C33}
		{43C440C6-4A95-4280-BB9A-0E01D663E6EC} = {CDBECDED-886A-47AE-97E3-65BEFD34BB26}
		{C305E599-C653-4830-BE3C-3E73A1035646} = {CDBECDED-886A-47AE-97E3-65BEFD34BB26}
		{1E668793-1DEA-4F66-B583-7C39FC670219} = {D9A243AE-BB88-4F03-9F9F-902B6EB8E27B}
		{EEB4D6DB-C5A4-4400-B31A-2D4950FADF56} = {D9A243AE-BB88-4F03-9F9F-902B6EB8E27B}
		{E11F58D5-0B0E-4615-B159-5FA20FC586CC} = {8763B96A-444A-47FB-B139-3C2094DE7843}
		{D289921A-CB04-42F7-B52F-411913A5FF7E} = {8763B96A-444A-47FB-B139-3C2094DE7843}
		{67AC8EEC-DC70-4201-BC8B-6220EAE15EA7} = {57443498-3657-4C78-811F-D4199CD9F912}
		{CB8E8B22-E76E-4A5B-98B9-6F132CB6ABDC} = {57443498-3657-4C78-811F-D4199CD9F912}
		{C936E8BE-E44D-4C8D-AC8A-A091C796D139} = {399AD69E-98AF-472C-A20E-4BBF0322EE4B}
		{755D5400-B94F-4B50-8BCE-0E8C179D90CF} = {399AD69E-98AF-472C-A20E-4BBF0322EE4B}
		{C37CE387-E513-478D-837C-F104C6A785A6} = {F956153B-66C3-4727-B643-8C7A4B66D89F}
		{81860C39-5D41-4339-A498-51B1C67102B1} = {F956153B-66C3-4727-B643-8C7A4B66D89F}
		{D5482F9F-4C3C-49F2-AB94-6E9222D06106} = {B97A6C91-BA9C-42B2-9515-884B5D596F0F}
		{FF745BC8-ED08-4375-9DAB-ED8C2E8CDAF5} = {B97A6C91-BA9C-42B2-9515-884B5D596F0F}
		{D9150473-C5EC-43FE-9CAD-14E401E6A01B} = {D301808A-D7FA-488A-96EB-6D0FB56E2B48}
		{68BAA918-48B3-489F-BECC-1342D4217F1E} = {05AC2C17-45B2-4D35-AB65-5F5C8214ECDB}
		{65775615-5BB2-4D55-8EC3-D09563A191D2} = {05AC2C17-45B2-4D35-AB65-5F5C8214ECDB}
		{B17CCE05-B8C7-4307-8599-37918F01B9FE} = {B0246FFC-0922-4D2C-845D-55BC2DDD9784}
		{8DB4DDF5-3567-4EE9-A0E1-DA8A8E371A07} = {B0246FFC-0922-4D2C-845D-55BC2DDD9784}
		{0BF9A6BF-6B38-45F6-AA52-DAD69A0162D1} = {86AE8EC2-1E9F-415D-A555-3E62C232C509}
		{CCD4900C-5EB1-45C2-B4E1-DE40F0FA6C96} = {86AE8EC2-1E9F-415D-A555-3E62C232C509}
		{33E27982-DE2E-4AF8-88EB-3D5ECEF6638D} = {4C859DE2-DF90-427F-8662-5BC5B73CA122}
		{5DBE9D0F-942D-458E-B4DA-1B5A57E60DB4} = {4C859DE2-DF90-427F-8662-5BC5B73CA122}
		{59C4185D-D82D-4643-A60F-AF11B3E3F9A2} = {93E067D8-BCCD-42CC-8E97-8CDD016E254D}
		{2DE9589A-AEDB-4964-8877-C18D11F8D9F5} = {93E067D8-BCCD-42CC-8E97-8CDD016E254D}
	EndGlobalSection
EndGlobal
